// !$*UTF8*$!
{
	archiveVersion = 1;
	classes = {
	};
	objectVersion = 46;
	objects = {

/* Begin PBXBuildFile section */
		4571952B1F0C907300671634 /* FLFlippedWordsService.m in Sources */ = {isa = PBXBuildFile; fileRef = 4571952A1F0C907300671634 /* FLFlippedWordsService.m */; };
		45D272101F0B343E00AF180E /* main.m in Sources */ = {isa = PBXBuildFile; fileRef = 45D2720F1F0B343E00AF180E /* main.m */; };
		45D272131F0B343E00AF180E /* AppDelegate.m in Sources */ = {isa = PBXBuildFile; fileRef = 45D272121F0B343E00AF180E /* AppDelegate.m */; };
		45D2721B1F0B343E00AF180E /* Assets.xcassets in Resources */ = {isa = PBXBuildFile; fileRef = 45D2721A1F0B343E00AF180E /* Assets.xcassets */; };
		45D272451F0B43BC00AF180E /* comm_tab_mine@2x.png in Resources */ = {isa = PBXBuildFile; fileRef = 45D272411F0B43BC00AF180E /* comm_tab_mine@2x.png */; };
		45D272461F0B43BC00AF180E /* comm_tab_mine_selected@2x.png in Resources */ = {isa = PBXBuildFile; fileRef = 45D272421F0B43BC00AF180E /* comm_tab_mine_selected@2x.png */; };
		45D272471F0B43BC00AF180E /* comm_tab_square@2x.png in Resources */ = {isa = PBXBuildFile; fileRef = 45D272431F0B43BC00AF180E /* comm_tab_square@2x.png */; };
		45D272481F0B43BC00AF180E /* comm_tab_square_selected@2x.png in Resources */ = {isa = PBXBuildFile; fileRef = 45D272441F0B43BC00AF180E /* comm_tab_square_selected@2x.png */; };
		583FCBD6E2C5D728117751C6 /* libPods-Flipped.a in Frameworks */ = {isa = PBXBuildFile; fileRef = A6CB62EA12AEAE674DF275B1 /* libPods-Flipped.a */; };
		FB6173AB1F1112D0009649E2 /* FLFlippedWord.m in Sources */ = {isa = PBXBuildFile; fileRef = FB6173951F1112D0009649E2 /* FLFlippedWord.m */; };
		FB6173AC1F1112D0009649E2 /* FLBaseViewController.m in Sources */ = {isa = PBXBuildFile; fileRef = FB61739A1F1112D0009649E2 /* FLBaseViewController.m */; };
		FB6173AD1F1112D0009649E2 /* FLLoginViewController.m in Sources */ = {isa = PBXBuildFile; fileRef = FB61739E1F1112D0009649E2 /* FLLoginViewController.m */; };
		FB6173AE1F1112D0009649E2 /* FLMineViewController.m in Sources */ = {isa = PBXBuildFile; fileRef = FB6173A21F1112D0009649E2 /* FLMineViewController.m */; };
		FB6173AF1F1112D0009649E2 /* FLPostViewController.m in Sources */ = {isa = PBXBuildFile; fileRef = FB6173A61F1112D0009649E2 /* FLPostViewController.m */; };
		FB6173B01F1112D0009649E2 /* FLSquareViewController.m in Sources */ = {isa = PBXBuildFile; fileRef = FB6173AA1F1112D0009649E2 /* FLSquareViewController.m */; };
		FB6173B31F11146A009649E2 /* FLContent.m in Sources */ = {isa = PBXBuildFile; fileRef = FB6173B21F11146A009649E2 /* FLContent.m */; };
		FBB917751F1252C5000C7353 /* FLFlippedWordCell.m in Sources */ = {isa = PBXBuildFile; fileRef = FBB917741F1252C5000C7353 /* FLFlippedWordCell.m */; };
		FBB9177C1F1254DA000C7353 /* flipped_content_pic@2x.png in Resources */ = {isa = PBXBuildFile; fileRef = FBB917761F1254DA000C7353 /* flipped_content_pic@2x.png */; };
		FBB9177D1F1254DA000C7353 /* flipped_content_video@2x.png in Resources */ = {isa = PBXBuildFile; fileRef = FBB917771F1254DA000C7353 /* flipped_content_video@2x.png */; };
		FBB9177E1F1254DA000C7353 /* flipped_content_sound@2x.png in Resources */ = {isa = PBXBuildFile; fileRef = FBB917781F1254DA000C7353 /* flipped_content_sound@2x.png */; };
		FBB9177F1F1254DA000C7353 /* logo.png in Resources */ = {isa = PBXBuildFile; fileRef = FBB917791F1254DA000C7353 /* logo.png */; };
		FBB917801F1254DA000C7353 /* post_add.png in Resources */ = {isa = PBXBuildFile; fileRef = FBB9177A1F1254DA000C7353 /* post_add.png */; };
		FBB917811F1254DA000C7353 /* WechatIMG9.png in Resources */ = {isa = PBXBuildFile; fileRef = FBB9177B1F1254DA000C7353 /* WechatIMG9.png */; };
		FBE0D77D1F19C792006D6C47 /* FLFlippedListViewController.m in Sources */ = {isa = PBXBuildFile; fileRef = FBE0D77C1F19C792006D6C47 /* FLFlippedListViewController.m */; };
		FBE0D7801F19F135006D6C47 /* FLBaseService.m in Sources */ = {isa = PBXBuildFile; fileRef = FBE0D77F1F19F135006D6C47 /* FLBaseService.m */; };
		FBE0D7831F19F279006D6C47 /* FLUserService.m in Sources */ = {isa = PBXBuildFile; fileRef = FBE0D7821F19F279006D6C47 /* FLUserService.m */; };
/* End PBXBuildFile section */

/* Begin PBXFileReference section */
		457195291F0C906900671634 /* FLFlippedWordsService.h */ = {isa = PBXFileReference; lastKnownFileType = sourcecode.c.h; path = FLFlippedWordsService.h; sourceTree = "<group>"; };
		4571952A1F0C907300671634 /* FLFlippedWordsService.m */ = {isa = PBXFileReference; fileEncoding = 4; lastKnownFileType = sourcecode.c.objc; path = FLFlippedWordsService.m; sourceTree = "<group>"; };
		45D2720B1F0B343E00AF180E /* Flipped.app */ = {isa = PBXFileReference; explicitFileType = wrapper.application; includeInIndex = 0; path = Flipped.app; sourceTree = BUILT_PRODUCTS_DIR; };
		45D2720F1F0B343E00AF180E /* main.m */ = {isa = PBXFileReference; lastKnownFileType = sourcecode.c.objc; path = main.m; sourceTree = "<group>"; };
		45D272111F0B343E00AF180E /* AppDelegate.h */ = {isa = PBXFileReference; lastKnownFileType = sourcecode.c.h; path = AppDelegate.h; sourceTree = "<group>"; };
		45D272121F0B343E00AF180E /* AppDelegate.m */ = {isa = PBXFileReference; lastKnownFileType = sourcecode.c.objc; path = AppDelegate.m; sourceTree = "<group>"; };
		45D2721A1F0B343E00AF180E /* Assets.xcassets */ = {isa = PBXFileReference; lastKnownFileType = folder.assetcatalog; path = Assets.xcassets; sourceTree = "<group>"; };
		45D2721F1F0B343E00AF180E /* Info.plist */ = {isa = PBXFileReference; lastKnownFileType = text.plist.xml; path = Info.plist; sourceTree = "<group>"; };
		45D272411F0B43BC00AF180E /* comm_tab_mine@2x.png */ = {isa = PBXFileReference; lastKnownFileType = image.png; path = "comm_tab_mine@2x.png"; sourceTree = "<group>"; };
		45D272421F0B43BC00AF180E /* comm_tab_mine_selected@2x.png */ = {isa = PBXFileReference; lastKnownFileType = image.png; path = "comm_tab_mine_selected@2x.png"; sourceTree = "<group>"; };
		45D272431F0B43BC00AF180E /* comm_tab_square@2x.png */ = {isa = PBXFileReference; lastKnownFileType = image.png; path = "comm_tab_square@2x.png"; sourceTree = "<group>"; };
		45D272441F0B43BC00AF180E /* comm_tab_square_selected@2x.png */ = {isa = PBXFileReference; lastKnownFileType = image.png; path = "comm_tab_square_selected@2x.png"; sourceTree = "<group>"; };
		7BA26D2BB5C6386B31F8E1A5 /* Pods-Flipped.debug.xcconfig */ = {isa = PBXFileReference; includeInIndex = 1; lastKnownFileType = text.xcconfig; name = "Pods-Flipped.debug.xcconfig"; path = "Pods/Target Support Files/Pods-Flipped/Pods-Flipped.debug.xcconfig"; sourceTree = "<group>"; };
		7CA5465F4BAB318854577797 /* Pods-Flipped.release.xcconfig */ = {isa = PBXFileReference; includeInIndex = 1; lastKnownFileType = text.xcconfig; name = "Pods-Flipped.release.xcconfig"; path = "Pods/Target Support Files/Pods-Flipped/Pods-Flipped.release.xcconfig"; sourceTree = "<group>"; };
		A6CB62EA12AEAE674DF275B1 /* libPods-Flipped.a */ = {isa = PBXFileReference; explicitFileType = archive.ar; includeInIndex = 0; path = "libPods-Flipped.a"; sourceTree = BUILT_PRODUCTS_DIR; };
		FB6173941F1112D0009649E2 /* FLFlippedWord.h */ = {isa = PBXFileReference; fileEncoding = 4; lastKnownFileType = sourcecode.c.h; path = FLFlippedWord.h; sourceTree = "<group>"; };
		FB6173951F1112D0009649E2 /* FLFlippedWord.m */ = {isa = PBXFileReference; fileEncoding = 4; lastKnownFileType = sourcecode.c.objc; path = FLFlippedWord.m; sourceTree = "<group>"; };
		FB6173971F1112D0009649E2 /* FLCommHeader.h */ = {isa = PBXFileReference; fileEncoding = 4; lastKnownFileType = sourcecode.c.h; path = FLCommHeader.h; sourceTree = "<group>"; };
		FB6173991F1112D0009649E2 /* FLBaseViewController.h */ = {isa = PBXFileReference; fileEncoding = 4; lastKnownFileType = sourcecode.c.h; path = FLBaseViewController.h; sourceTree = "<group>"; };
		FB61739A1F1112D0009649E2 /* FLBaseViewController.m */ = {isa = PBXFileReference; fileEncoding = 4; lastKnownFileType = sourcecode.c.objc; path = FLBaseViewController.m; sourceTree = "<group>"; };
		FB61739D1F1112D0009649E2 /* FLLoginViewController.h */ = {isa = PBXFileReference; fileEncoding = 4; lastKnownFileType = sourcecode.c.h; path = FLLoginViewController.h; sourceTree = "<group>"; };
		FB61739E1F1112D0009649E2 /* FLLoginViewController.m */ = {isa = PBXFileReference; fileEncoding = 4; lastKnownFileType = sourcecode.c.objc; path = FLLoginViewController.m; sourceTree = "<group>"; };
		FB6173A11F1112D0009649E2 /* FLMineViewController.h */ = {isa = PBXFileReference; fileEncoding = 4; lastKnownFileType = sourcecode.c.h; path = FLMineViewController.h; sourceTree = "<group>"; };
		FB6173A21F1112D0009649E2 /* FLMineViewController.m */ = {isa = PBXFileReference; fileEncoding = 4; lastKnownFileType = sourcecode.c.objc; path = FLMineViewController.m; sourceTree = "<group>"; };
		FB6173A51F1112D0009649E2 /* FLPostViewController.h */ = {isa = PBXFileReference; fileEncoding = 4; lastKnownFileType = sourcecode.c.h; path = FLPostViewController.h; sourceTree = "<group>"; };
		FB6173A61F1112D0009649E2 /* FLPostViewController.m */ = {isa = PBXFileReference; fileEncoding = 4; lastKnownFileType = sourcecode.c.objc; path = FLPostViewController.m; sourceTree = "<group>"; };
		FB6173A91F1112D0009649E2 /* FLSquareViewController.h */ = {isa = PBXFileReference; fileEncoding = 4; lastKnownFileType = sourcecode.c.h; path = FLSquareViewController.h; sourceTree = "<group>"; };
		FB6173AA1F1112D0009649E2 /* FLSquareViewController.m */ = {isa = PBXFileReference; fileEncoding = 4; lastKnownFileType = sourcecode.c.objc; path = FLSquareViewController.m; sourceTree = "<group>"; };
		FB6173B11F11145C009649E2 /* FLContent.h */ = {isa = PBXFileReference; lastKnownFileType = sourcecode.c.h; path = FLContent.h; sourceTree = "<group>"; };
		FB6173B21F11146A009649E2 /* FLContent.m */ = {isa = PBXFileReference; fileEncoding = 4; lastKnownFileType = sourcecode.c.objc; path = FLContent.m; sourceTree = "<group>"; };
		FBB917731F1252B9000C7353 /* FLFlippedWordCell.h */ = {isa = PBXFileReference; lastKnownFileType = sourcecode.c.h; path = FLFlippedWordCell.h; sourceTree = "<group>"; };
		FBB917741F1252C5000C7353 /* FLFlippedWordCell.m */ = {isa = PBXFileReference; fileEncoding = 4; lastKnownFileType = sourcecode.c.objc; path = FLFlippedWordCell.m; sourceTree = "<group>"; };
		FBB917761F1254DA000C7353 /* flipped_content_pic@2x.png */ = {isa = PBXFileReference; lastKnownFileType = image.png; path = "flipped_content_pic@2x.png"; sourceTree = "<group>"; };
		FBB917771F1254DA000C7353 /* flipped_content_video@2x.png */ = {isa = PBXFileReference; lastKnownFileType = image.png; path = "flipped_content_video@2x.png"; sourceTree = "<group>"; };
		FBB917781F1254DA000C7353 /* flipped_content_sound@2x.png */ = {isa = PBXFileReference; lastKnownFileType = image.png; path = "flipped_content_sound@2x.png"; sourceTree = "<group>"; };
		FBB917791F1254DA000C7353 /* logo.png */ = {isa = PBXFileReference; lastKnownFileType = image.png; path = logo.png; sourceTree = "<group>"; };
		FBB9177A1F1254DA000C7353 /* post_add.png */ = {isa = PBXFileReference; lastKnownFileType = image.png; path = post_add.png; sourceTree = "<group>"; };
		FBB9177B1F1254DA000C7353 /* WechatIMG9.png */ = {isa = PBXFileReference; lastKnownFileType = image.png; path = WechatIMG9.png; sourceTree = "<group>"; };
		FBE0D77B1F19C785006D6C47 /* FLFlippedListViewController.h */ = {isa = PBXFileReference; lastKnownFileType = sourcecode.c.h; path = FLFlippedListViewController.h; sourceTree = "<group>"; };
		FBE0D77C1F19C792006D6C47 /* FLFlippedListViewController.m */ = {isa = PBXFileReference; fileEncoding = 4; lastKnownFileType = sourcecode.c.objc; path = FLFlippedListViewController.m; sourceTree = "<group>"; };
		FBE0D77E1F19F12B006D6C47 /* FLBaseService.h */ = {isa = PBXFileReference; lastKnownFileType = sourcecode.c.h; path = FLBaseService.h; sourceTree = "<group>"; };
		FBE0D77F1F19F135006D6C47 /* FLBaseService.m */ = {isa = PBXFileReference; fileEncoding = 4; lastKnownFileType = sourcecode.c.objc; path = FLBaseService.m; sourceTree = "<group>"; };
		FBE0D7811F19F270006D6C47 /* FLUserService.h */ = {isa = PBXFileReference; lastKnownFileType = sourcecode.c.h; path = FLUserService.h; sourceTree = "<group>"; };
		FBE0D7821F19F279006D6C47 /* FLUserService.m */ = {isa = PBXFileReference; fileEncoding = 4; lastKnownFileType = sourcecode.c.objc; path = FLUserService.m; sourceTree = "<group>"; };
/* End PBXFileReference section */

/* Begin PBXFrameworksBuildPhase section */
		45D272081F0B343E00AF180E /* Frameworks */ = {
			isa = PBXFrameworksBuildPhase;
			buildActionMask = 2147483647;
			files = (
				583FCBD6E2C5D728117751C6 /* libPods-Flipped.a in Frameworks */,
			);
			runOnlyForDeploymentPostprocessing = 0;
		};
/* End PBXFrameworksBuildPhase section */

/* Begin PBXGroup section */
		457195281F0C903400671634 /* Services */ = {
			isa = PBXGroup;
			children = (
				457195291F0C906900671634 /* FLFlippedWordsService.h */,
				4571952A1F0C907300671634 /* FLFlippedWordsService.m */,
				FBE0D77E1F19F12B006D6C47 /* FLBaseService.h */,
				FBE0D77F1F19F135006D6C47 /* FLBaseService.m */,
				FBE0D7811F19F270006D6C47 /* FLUserService.h */,
				FBE0D7821F19F279006D6C47 /* FLUserService.m */,
			);
			path = Services;
			sourceTree = "<group>";
		};
		45D272021F0B343E00AF180E = {
			isa = PBXGroup;
			children = (
				45D2720D1F0B343E00AF180E /* Flipped */,
				45D2720C1F0B343E00AF180E /* Products */,
				7FA5BF810DC2AD5D3BA783A1 /* Pods */,
				9A1F3DF625175D85E4F4E9C4 /* Frameworks */,
			);
			sourceTree = "<group>";
		};
		45D2720C1F0B343E00AF180E /* Products */ = {
			isa = PBXGroup;
			children = (
				45D2720B1F0B343E00AF180E /* Flipped.app */,
			);
			name = Products;
			sourceTree = "<group>";
		};
		45D2720D1F0B343E00AF180E /* Flipped */ = {
			isa = PBXGroup;
			children = (
				FB6173911F1112D0009649E2 /* Bundle */,
				457195281F0C903400671634 /* Services */,
				45D272261F0B34D500AF180E /* Resources */,
				45D272111F0B343E00AF180E /* AppDelegate.h */,
				45D272121F0B343E00AF180E /* AppDelegate.m */,
				45D2721A1F0B343E00AF180E /* Assets.xcassets */,
				45D2721F1F0B343E00AF180E /* Info.plist */,
				45D2720E1F0B343E00AF180E /* Supporting Files */,
			);
			path = Flipped;
			sourceTree = "<group>";
		};
		45D2720E1F0B343E00AF180E /* Supporting Files */ = {
			isa = PBXGroup;
			children = (
				45D2720F1F0B343E00AF180E /* main.m */,
			);
			name = "Supporting Files";
			sourceTree = "<group>";
		};
		45D272261F0B34D500AF180E /* Resources */ = {
			isa = PBXGroup;
			children = (
				FBB917761F1254DA000C7353 /* flipped_content_pic@2x.png */,
				FBB917771F1254DA000C7353 /* flipped_content_video@2x.png */,
				FBB917781F1254DA000C7353 /* flipped_content_sound@2x.png */,
				FBB917791F1254DA000C7353 /* logo.png */,
				FBB9177A1F1254DA000C7353 /* post_add.png */,
				FBB9177B1F1254DA000C7353 /* WechatIMG9.png */,
				45D272401F0B43BC00AF180E /* Comm */,
			);
			path = Resources;
			sourceTree = "<group>";
		};
		45D272401F0B43BC00AF180E /* Comm */ = {
			isa = PBXGroup;
			children = (
				45D272411F0B43BC00AF180E /* comm_tab_mine@2x.png */,
				45D272421F0B43BC00AF180E /* comm_tab_mine_selected@2x.png */,
				45D272431F0B43BC00AF180E /* comm_tab_square@2x.png */,
				45D272441F0B43BC00AF180E /* comm_tab_square_selected@2x.png */,
			);
			path = Comm;
			sourceTree = "<group>";
		};
		7FA5BF810DC2AD5D3BA783A1 /* Pods */ = {
			isa = PBXGroup;
			children = (
				7BA26D2BB5C6386B31F8E1A5 /* Pods-Flipped.debug.xcconfig */,
				7CA5465F4BAB318854577797 /* Pods-Flipped.release.xcconfig */,
			);
			name = Pods;
			sourceTree = "<group>";
		};
		9A1F3DF625175D85E4F4E9C4 /* Frameworks */ = {
			isa = PBXGroup;
			children = (
				A6CB62EA12AEAE674DF275B1 /* libPods-Flipped.a */,
			);
			name = Frameworks;
			sourceTree = "<group>";
		};
		FB6173911F1112D0009649E2 /* Bundle */ = {
			isa = PBXGroup;
			children = (
				FB6173931F1112D0009649E2 /* Models */,
				FB6173921F1112D0009649E2 /* Comm */,
				FB61739B1F1112D0009649E2 /* Login */,
				FB61739F1F1112D0009649E2 /* Mine */,
				FB6173A31F1112D0009649E2 /* Post */,
				FB6173A71F1112D0009649E2 /* Square */,
			);
			path = Bundle;
			sourceTree = "<group>";
		};
		FB6173921F1112D0009649E2 /* Comm */ = {
			isa = PBXGroup;
			children = (
				FB6173961F1112D0009649E2 /* Others */,
				FB6173981F1112D0009649E2 /* Views */,
			);
			path = Comm;
			sourceTree = "<group>";
		};
		FB6173931F1112D0009649E2 /* Models */ = {
			isa = PBXGroup;
			children = (
				FB6173941F1112D0009649E2 /* FLFlippedWord.h */,
				FB6173951F1112D0009649E2 /* FLFlippedWord.m */,
				FB6173B11F11145C009649E2 /* FLContent.h */,
				FB6173B21F11146A009649E2 /* FLContent.m */,
			);
			name = Models;
			path = Comm/Models;
			sourceTree = "<group>";
		};
		FB6173961F1112D0009649E2 /* Others */ = {
			isa = PBXGroup;
			children = (
				FB6173971F1112D0009649E2 /* FLCommHeader.h */,
			);
			path = Others;
			sourceTree = "<group>";
		};
		FB6173981F1112D0009649E2 /* Views */ = {
			isa = PBXGroup;
			children = (
				FB6173991F1112D0009649E2 /* FLBaseViewController.h */,
				FB61739A1F1112D0009649E2 /* FLBaseViewController.m */,
				FBE0D77B1F19C785006D6C47 /* FLFlippedListViewController.h */,
				FBE0D77C1F19C792006D6C47 /* FLFlippedListViewController.m */,
			);
			path = Views;
			sourceTree = "<group>";
		};
		FB61739B1F1112D0009649E2 /* Login */ = {
			isa = PBXGroup;
			children = (
				FB61739C1F1112D0009649E2 /* Views */,
			);
			path = Login;
			sourceTree = "<group>";
		};
		FB61739C1F1112D0009649E2 /* Views */ = {
			isa = PBXGroup;
			children = (
				FB61739D1F1112D0009649E2 /* FLLoginViewController.h */,
				FB61739E1F1112D0009649E2 /* FLLoginViewController.m */,
			);
			path = Views;
			sourceTree = "<group>";
		};
		FB61739F1F1112D0009649E2 /* Mine */ = {
			isa = PBXGroup;
			children = (
				FB6173A01F1112D0009649E2 /* Views */,
			);
			path = Mine;
			sourceTree = "<group>";
		};
		FB6173A01F1112D0009649E2 /* Views */ = {
			isa = PBXGroup;
			children = (
				FB6173A11F1112D0009649E2 /* FLMineViewController.h */,
				FB6173A21F1112D0009649E2 /* FLMineViewController.m */,
			);
			path = Views;
			sourceTree = "<group>";
		};
		FB6173A31F1112D0009649E2 /* Post */ = {
			isa = PBXGroup;
			children = (
				FB6173A41F1112D0009649E2 /* Views */,
			);
			path = Post;
			sourceTree = "<group>";
		};
		FB6173A41F1112D0009649E2 /* Views */ = {
			isa = PBXGroup;
			children = (
				FB6173A51F1112D0009649E2 /* FLPostViewController.h */,
				FB6173A61F1112D0009649E2 /* FLPostViewController.m */,
			);
			path = Views;
			sourceTree = "<group>";
		};
		FB6173A71F1112D0009649E2 /* Square */ = {
			isa = PBXGroup;
			children = (
				FB6173A81F1112D0009649E2 /* Views */,
			);
			path = Square;
			sourceTree = "<group>";
		};
		FB6173A81F1112D0009649E2 /* Views */ = {
			isa = PBXGroup;
			children = (
				FB6173A91F1112D0009649E2 /* FLSquareViewController.h */,
				FB6173AA1F1112D0009649E2 /* FLSquareViewController.m */,
				FBB917731F1252B9000C7353 /* FLFlippedWordCell.h */,
				FBB917741F1252C5000C7353 /* FLFlippedWordCell.m */,
			);
			path = Views;
			sourceTree = "<group>";
		};
/* End PBXGroup section */

/* Begin PBXNativeTarget section */
		45D2720A1F0B343E00AF180E /* Flipped */ = {
			isa = PBXNativeTarget;
			buildConfigurationList = 45D272221F0B343E00AF180E /* Build configuration list for PBXNativeTarget "Flipped" */;
			buildPhases = (
				64D7742A9A5C6E0CB3595F31 /* [CP] Check Pods Manifest.lock */,
				45D272071F0B343E00AF180E /* Sources */,
				45D272081F0B343E00AF180E /* Frameworks */,
				45D272091F0B343E00AF180E /* Resources */,
				59ABA2A1D7B76B2EE9E94848 /* [CP] Embed Pods Frameworks */,
				8B75BD1FAA80B8A0E5DA556B /* [CP] Copy Pods Resources */,
			);
			buildRules = (
			);
			dependencies = (
			);
			name = Flipped;
			productName = Flipped;
			productReference = 45D2720B1F0B343E00AF180E /* Flipped.app */;
			productType = "com.apple.product-type.application";
		};
/* End PBXNativeTarget section */

/* Begin PBXProject section */
		45D272031F0B343E00AF180E /* Project object */ = {
			isa = PBXProject;
			attributes = {
				LastUpgradeCheck = 0830;
				ORGANIZATIONNAME = junshao;
				TargetAttributes = {
					45D2720A1F0B343E00AF180E = {
						CreatedOnToolsVersion = 8.3;
						DevelopmentTeam = NJ84XW37VD;
						ProvisioningStyle = Automatic;
					};
				};
			};
			buildConfigurationList = 45D272061F0B343E00AF180E /* Build configuration list for PBXProject "Flipped" */;
			compatibilityVersion = "Xcode 3.2";
			developmentRegion = English;
			hasScannedForEncodings = 0;
			knownRegions = (
				en,
				Base,
			);
			mainGroup = 45D272021F0B343E00AF180E;
			productRefGroup = 45D2720C1F0B343E00AF180E /* Products */;
			projectDirPath = "";
			projectRoot = "";
			targets = (
				45D2720A1F0B343E00AF180E /* Flipped */,
			);
		};
/* End PBXProject section */

/* Begin PBXResourcesBuildPhase section */
		45D272091F0B343E00AF180E /* Resources */ = {
			isa = PBXResourcesBuildPhase;
			buildActionMask = 2147483647;
			files = (
				FBB917801F1254DA000C7353 /* post_add.png in Resources */,
				45D272481F0B43BC00AF180E /* comm_tab_square_selected@2x.png in Resources */,
				FBB9177D1F1254DA000C7353 /* flipped_content_video@2x.png in Resources */,
				FBB9177F1F1254DA000C7353 /* logo.png in Resources */,
				FBB917811F1254DA000C7353 /* WechatIMG9.png in Resources */,
				45D2721B1F0B343E00AF180E /* Assets.xcassets in Resources */,
				FBB9177C1F1254DA000C7353 /* flipped_content_pic@2x.png in Resources */,
				FBB9177E1F1254DA000C7353 /* flipped_content_sound@2x.png in Resources */,
				45D272461F0B43BC00AF180E /* comm_tab_mine_selected@2x.png in Resources */,
				45D272471F0B43BC00AF180E /* comm_tab_square@2x.png in Resources */,
				45D272451F0B43BC00AF180E /* comm_tab_mine@2x.png in Resources */,
			);
			runOnlyForDeploymentPostprocessing = 0;
		};
/* End PBXResourcesBuildPhase section */

/* Begin PBXShellScriptBuildPhase section */
		59ABA2A1D7B76B2EE9E94848 /* [CP] Embed Pods Frameworks */ = {
			isa = PBXShellScriptBuildPhase;
			buildActionMask = 2147483647;
			files = (
			);
			inputPaths = (
			);
			name = "[CP] Embed Pods Frameworks";
			outputPaths = (
			);
			runOnlyForDeploymentPostprocessing = 0;
			shellPath = /bin/sh;
			shellScript = "\"${SRCROOT}/Pods/Target Support Files/Pods-Flipped/Pods-Flipped-frameworks.sh\"\n";
			showEnvVarsInLog = 0;
		};
		64D7742A9A5C6E0CB3595F31 /* [CP] Check Pods Manifest.lock */ = {
			isa = PBXShellScriptBuildPhase;
			buildActionMask = 2147483647;
			files = (
			);
			inputPaths = (
			);
			name = "[CP] Check Pods Manifest.lock";
			outputPaths = (
			);
			runOnlyForDeploymentPostprocessing = 0;
			shellPath = /bin/sh;
			shellScript = "diff \"${PODS_PODFILE_DIR_PATH}/Podfile.lock\" \"${PODS_ROOT}/Manifest.lock\" > /dev/null\nif [ $? != 0 ] ; then\n    # print error to STDERR\n    echo \"error: The sandbox is not in sync with the Podfile.lock. Run 'pod install' or update your CocoaPods installation.\" >&2\n    exit 1\nfi\n";
			showEnvVarsInLog = 0;
		};
		8B75BD1FAA80B8A0E5DA556B /* [CP] Copy Pods Resources */ = {
			isa = PBXShellScriptBuildPhase;
			buildActionMask = 2147483647;
			files = (
			);
			inputPaths = (
			);
			name = "[CP] Copy Pods Resources";
			outputPaths = (
			);
			runOnlyForDeploymentPostprocessing = 0;
			shellPath = /bin/sh;
			shellScript = "\"${SRCROOT}/Pods/Target Support Files/Pods-Flipped/Pods-Flipped-resources.sh\"\n";
			showEnvVarsInLog = 0;
		};
/* End PBXShellScriptBuildPhase section */

/* Begin PBXSourcesBuildPhase section */
		45D272071F0B343E00AF180E /* Sources */ = {
			isa = PBXSourcesBuildPhase;
			buildActionMask = 2147483647;
			files = (
				FBB917751F1252C5000C7353 /* FLFlippedWordCell.m in Sources */,
				FB6173AF1F1112D0009649E2 /* FLPostViewController.m in Sources */,
				FB6173B01F1112D0009649E2 /* FLSquareViewController.m in Sources */,
				FB6173AD1F1112D0009649E2 /* FLLoginViewController.m in Sources */,
				FBE0D7801F19F135006D6C47 /* FLBaseService.m in Sources */,
				FB6173AB1F1112D0009649E2 /* FLFlippedWord.m in Sources */,
				4571952B1F0C907300671634 /* FLFlippedWordsService.m in Sources */,
				45D272131F0B343E00AF180E /* AppDelegate.m in Sources */,
				FBE0D7831F19F279006D6C47 /* FLUserService.m in Sources */,
				45D272101F0B343E00AF180E /* main.m in Sources */,
				FB6173AE1F1112D0009649E2 /* FLMineViewController.m in Sources */,
				FBE0D77D1F19C792006D6C47 /* FLFlippedListViewController.m in Sources */,
				FB6173AC1F1112D0009649E2 /* FLBaseViewController.m in Sources */,
				FB6173B31F11146A009649E2 /* FLContent.m in Sources */,
			);
			runOnlyForDeploymentPostprocessing = 0;
		};
/* End PBXSourcesBuildPhase section */

/* Begin XCBuildConfiguration section */
		45D272201F0B343E00AF180E /* Debug */ = {
			isa = XCBuildConfiguration;
			buildSettings = {
				ALWAYS_SEARCH_USER_PATHS = NO;
				CLANG_ANALYZER_NONNULL = YES;
				CLANG_ANALYZER_NUMBER_OBJECT_CONVERSION = YES_AGGRESSIVE;
				CLANG_CXX_LANGUAGE_STANDARD = "gnu++0x";
				CLANG_CXX_LIBRARY = "libc++";
				CLANG_ENABLE_MODULES = YES;
				CLANG_ENABLE_OBJC_ARC = YES;
				CLANG_WARN_BOOL_CONVERSION = YES;
				CLANG_WARN_CONSTANT_CONVERSION = YES;
				CLANG_WARN_DIRECT_OBJC_ISA_USAGE = YES_ERROR;
				CLANG_WARN_DOCUMENTATION_COMMENTS = YES;
				CLANG_WARN_EMPTY_BODY = YES;
				CLANG_WARN_ENUM_CONVERSION = YES;
				CLANG_WARN_INFINITE_RECURSION = YES;
				CLANG_WARN_INT_CONVERSION = YES;
				CLANG_WARN_OBJC_ROOT_CLASS = YES_ERROR;
				CLANG_WARN_SUSPICIOUS_MOVE = YES;
				CLANG_WARN_UNREACHABLE_CODE = YES;
				CLANG_WARN__DUPLICATE_METHOD_MATCH = YES;
				"CODE_SIGN_IDENTITY[sdk=iphoneos*]" = "iPhone Developer";
				COPY_PHASE_STRIP = NO;
				DEBUG_INFORMATION_FORMAT = dwarf;
				ENABLE_STRICT_OBJC_MSGSEND = YES;
				ENABLE_TESTABILITY = YES;
				GCC_C_LANGUAGE_STANDARD = gnu99;
				GCC_DYNAMIC_NO_PIC = NO;
				GCC_NO_COMMON_BLOCKS = YES;
				GCC_OPTIMIZATION_LEVEL = 0;
				GCC_PREPROCESSOR_DEFINITIONS = (
					"DEBUG=1",
					"$(inherited)",
				);
				GCC_WARN_64_TO_32_BIT_CONVERSION = YES;
				GCC_WARN_ABOUT_RETURN_TYPE = YES_ERROR;
				GCC_WARN_UNDECLARED_SELECTOR = YES;
				GCC_WARN_UNINITIALIZED_AUTOS = YES_AGGRESSIVE;
				GCC_WARN_UNUSED_FUNCTION = YES;
				GCC_WARN_UNUSED_VARIABLE = YES;
				IPHONEOS_DEPLOYMENT_TARGET = 10.3;
				MTL_ENABLE_DEBUG_INFO = YES;
				ONLY_ACTIVE_ARCH = YES;
				SDKROOT = iphoneos;
				TARGETED_DEVICE_FAMILY = "1,2";
			};
			name = Debug;
		};
		45D272211F0B343E00AF180E /* Release */ = {
			isa = XCBuildConfiguration;
			buildSettings = {
				ALWAYS_SEARCH_USER_PATHS = NO;
				CLANG_ANALYZER_NONNULL = YES;
				CLANG_ANALYZER_NUMBER_OBJECT_CONVERSION = YES_AGGRESSIVE;
				CLANG_CXX_LANGUAGE_STANDARD = "gnu++0x";
				CLANG_CXX_LIBRARY = "libc++";
				CLANG_ENABLE_MODULES = YES;
				CLANG_ENABLE_OBJC_ARC = YES;
				CLANG_WARN_BOOL_CONVERSION = YES;
				CLANG_WARN_CONSTANT_CONVERSION = YES;
				CLANG_WARN_DIRECT_OBJC_ISA_USAGE = YES_ERROR;
				CLANG_WARN_DOCUMENTATION_COMMENTS = YES;
				CLANG_WARN_EMPTY_BODY = YES;
				CLANG_WARN_ENUM_CONVERSION = YES;
				CLANG_WARN_INFINITE_RECURSION = YES;
				CLANG_WARN_INT_CONVERSION = YES;
				CLANG_WARN_OBJC_ROOT_CLASS = YES_ERROR;
				CLANG_WARN_SUSPICIOUS_MOVE = YES;
				CLANG_WARN_UNREACHABLE_CODE = YES;
				CLANG_WARN__DUPLICATE_METHOD_MATCH = YES;
				"CODE_SIGN_IDENTITY[sdk=iphoneos*]" = "iPhone Developer";
				COPY_PHASE_STRIP = NO;
				DEBUG_INFORMATION_FORMAT = "dwarf-with-dsym";
				ENABLE_NS_ASSERTIONS = NO;
				ENABLE_STRICT_OBJC_MSGSEND = YES;
				GCC_C_LANGUAGE_STANDARD = gnu99;
				GCC_NO_COMMON_BLOCKS = YES;
				GCC_WARN_64_TO_32_BIT_CONVERSION = YES;
				GCC_WARN_ABOUT_RETURN_TYPE = YES_ERROR;
				GCC_WARN_UNDECLARED_SELECTOR = YES;
				GCC_WARN_UNINITIALIZED_AUTOS = YES_AGGRESSIVE;
				GCC_WARN_UNUSED_FUNCTION = YES;
				GCC_WARN_UNUSED_VARIABLE = YES;
				IPHONEOS_DEPLOYMENT_TARGET = 10.3;
				MTL_ENABLE_DEBUG_INFO = NO;
				SDKROOT = iphoneos;
				TARGETED_DEVICE_FAMILY = "1,2";
				VALIDATE_PRODUCT = YES;
			};
			name = Release;
		};
		45D272231F0B343E00AF180E /* Debug */ = {
			isa = XCBuildConfiguration;
			baseConfigurationReference = 7BA26D2BB5C6386B31F8E1A5 /* Pods-Flipped.debug.xcconfig */;
			buildSettings = {
				ASSETCATALOG_COMPILER_APPICON_NAME = AppIcon;
				DEVELOPMENT_TEAM = NJ84XW37VD;
				GCC_PREFIX_HEADER = "";
				INFOPLIST_FILE = Flipped/Info.plist;
				LD_RUNPATH_SEARCH_PATHS = "$(inherited) @executable_path/Frameworks";
				PRODUCT_BUNDLE_IDENTIFIER = com.junshao.Flipped;
				PRODUCT_NAME = "$(TARGET_NAME)";
			};
			name = Debug;
		};
		45D272241F0B343E00AF180E /* Release */ = {
			isa = XCBuildConfiguration;
			baseConfigurationReference = 7CA5465F4BAB318854577797 /* Pods-Flipped.release.xcconfig */;
			buildSettings = {
				ASSETCATALOG_COMPILER_APPICON_NAME = AppIcon;
				DEVELOPMENT_TEAM = NJ84XW37VD;
				GCC_PREFIX_HEADER = "";
				INFOPLIST_FILE = Flipped/Info.plist;
				LD_RUNPATH_SEARCH_PATHS = "$(inherited) @executable_path/Frameworks";
				PRODUCT_BUNDLE_IDENTIFIER = com.junshao.Flipped;
				PRODUCT_NAME = "$(TARGET_NAME)";
			};
			name = Release;
		};
/* End XCBuildConfiguration section */

/* Begin XCConfigurationList section */
		45D272061F0B343E00AF180E /* Build configuration list for PBXProject "Flipped" */ = {
			isa = XCConfigurationList;
			buildConfigurations = (
				45D272201F0B343E00AF180E /* Debug */,
				45D272211F0B343E00AF180E /* Release */,
			);
			defaultConfigurationIsVisible = 0;
			defaultConfigurationName = Release;
		};
		45D272221F0B343E00AF180E /* Build configuration list for PBXNativeTarget "Flipped" */ = {
			isa = XCConfigurationList;
			buildConfigurations = (
				45D272231F0B343E00AF180E /* Debug */,
				45D272241F0B343E00AF180E /* Release */,
			);
			defaultConfigurationIsVisible = 0;
			defaultConfigurationName = Release;
		};
/* End XCConfigurationList section */
	};
	rootObject = 45D272031F0B343E00AF180E /* Project object */;
}
