// !$*UTF8*$!
{
	archiveVersion = 1;
	classes = {
	};
	objectVersion = 46;
	objects = {

/* Begin PBXBuildFile section */
		45471A5B1F5EB08E009E1DED /* QAVSDK.framework in Frameworks */ = {isa = PBXBuildFile; fileRef = 45471A511F5EB08E009E1DED /* QAVSDK.framework */; };
		45471A5C1F5EB08E009E1DED /* xplatform.framework in Frameworks */ = {isa = PBXBuildFile; fileRef = 45471A521F5EB08E009E1DED /* xplatform.framework */; };
		45471A5D1F5EB08E009E1DED /* ILiveSDK.framework in Frameworks */ = {isa = PBXBuildFile; fileRef = 45471A531F5EB08E009E1DED /* ILiveSDK.framework */; };
		45471A5E1F5EB08E009E1DED /* IMCore.framework in Frameworks */ = {isa = PBXBuildFile; fileRef = 45471A551F5EB08E009E1DED /* IMCore.framework */; };
		45471A5F1F5EB08E009E1DED /* ImSDK.framework in Frameworks */ = {isa = PBXBuildFile; fileRef = 45471A561F5EB08E009E1DED /* ImSDK.framework */; };
		45471A601F5EB08E009E1DED /* IMSDKBugly.framework in Frameworks */ = {isa = PBXBuildFile; fileRef = 45471A571F5EB08E009E1DED /* IMSDKBugly.framework */; };
		45471A611F5EB08E009E1DED /* QALSDK.framework in Frameworks */ = {isa = PBXBuildFile; fileRef = 45471A581F5EB08E009E1DED /* QALSDK.framework */; };
		45471A621F5EB08E009E1DED /* TLSSDK.framework in Frameworks */ = {isa = PBXBuildFile; fileRef = 45471A591F5EB08E009E1DED /* TLSSDK.framework */; };
		45471A631F5EB08E009E1DED /* TILCallSDK.framework in Frameworks */ = {isa = PBXBuildFile; fileRef = 45471A5A1F5EB08E009E1DED /* TILCallSDK.framework */; };
		45471A661F5EB1C3009E1DED /* FLFlippedCallsService.m in Sources */ = {isa = PBXBuildFile; fileRef = 45471A651F5EB1C3009E1DED /* FLFlippedCallsService.m */; };
		4571952B1F0C907300671634 /* FLFlippedWordsService.m in Sources */ = {isa = PBXBuildFile; fileRef = 4571952A1F0C907300671634 /* FLFlippedWordsService.m */; };
		45D272101F0B343E00AF180E /* main.m in Sources */ = {isa = PBXBuildFile; fileRef = 45D2720F1F0B343E00AF180E /* main.m */; };
		45D272131F0B343E00AF180E /* AppDelegate.m in Sources */ = {isa = PBXBuildFile; fileRef = 45D272121F0B343E00AF180E /* AppDelegate.m */; };
		45D2721B1F0B343E00AF180E /* Assets.xcassets in Resources */ = {isa = PBXBuildFile; fileRef = 45D2721A1F0B343E00AF180E /* Assets.xcassets */; };
		45D272451F0B43BC00AF180E /* comm_tab_mine@2x.png in Resources */ = {isa = PBXBuildFile; fileRef = 45D272411F0B43BC00AF180E /* comm_tab_mine@2x.png */; };
		45D272461F0B43BC00AF180E /* comm_tab_mine_selected@2x.png in Resources */ = {isa = PBXBuildFile; fileRef = 45D272421F0B43BC00AF180E /* comm_tab_mine_selected@2x.png */; };
		45D272471F0B43BC00AF180E /* comm_tab_square@2x.png in Resources */ = {isa = PBXBuildFile; fileRef = 45D272431F0B43BC00AF180E /* comm_tab_square@2x.png */; };
		45D272481F0B43BC00AF180E /* comm_tab_square_selected@2x.png in Resources */ = {isa = PBXBuildFile; fileRef = 45D272441F0B43BC00AF180E /* comm_tab_square_selected@2x.png */; };
		45F1C8BF1F1F2A6100A3B74C /* FLFlippedDetailViewController.m in Sources */ = {isa = PBXBuildFile; fileRef = 45F1C8BE1F1F2A6100A3B74C /* FLFlippedDetailViewController.m */; };
		583FCBD6E2C5D728117751C6 /* libPods-Flipped.a in Frameworks */ = {isa = PBXBuildFile; fileRef = A6CB62EA12AEAE674DF275B1 /* libPods-Flipped.a */; };
		FB0366451F5D8F2C00B0545F /* FLVideoService.m in Sources */ = {isa = PBXBuildFile; fileRef = FB0366441F5D8F2C00B0545F /* FLVideoService.m */; };
		FB03664B1F5D93F300B0545F /* FLVideoHelper.m in Sources */ = {isa = PBXBuildFile; fileRef = FB03664A1F5D93F300B0545F /* FLVideoHelper.m */; };
		FB0366561F5D9E0100B0545F /* CallC2CMakeViewController.m in Sources */ = {isa = PBXBuildFile; fileRef = FB0366531F5D9E0100B0545F /* CallC2CMakeViewController.m */; };
		FB0366571F5D9E0100B0545F /* CallC2CRecvViewController.m in Sources */ = {isa = PBXBuildFile; fileRef = FB0366551F5D9E0100B0545F /* CallC2CRecvViewController.m */; };
		FB0366591F5D9E6900B0545F /* Main.storyboard in Resources */ = {isa = PBXBuildFile; fileRef = FB0366581F5D9E6900B0545F /* Main.storyboard */; };
		FB0715051F305CAD00F5B0CA /* FLCopyLabel.m in Sources */ = {isa = PBXBuildFile; fileRef = FB0715041F305CAD00F5B0CA /* FLCopyLabel.m */; };
		FB0715141F3064C000F5B0CA /* FLLink.m in Sources */ = {isa = PBXBuildFile; fileRef = FB0715131F3064C000F5B0CA /* FLLink.m */; };
		FB0715161F3069BD00F5B0CA /* flipped_detail_more@2x.png in Resources */ = {isa = PBXBuildFile; fileRef = FB0715151F3069BD00F5B0CA /* flipped_detail_more@2x.png */; };
		FB0715191F306C5300F5B0CA /* FLCommService.m in Sources */ = {isa = PBXBuildFile; fileRef = FB0715181F306C5300F5B0CA /* FLCommService.m */; };
		FB07151C1F30A43500F5B0CA /* FLComment.m in Sources */ = {isa = PBXBuildFile; fileRef = FB07151B1F30A43500F5B0CA /* FLComment.m */; };
		FB07151F1F30A6C800F5B0CA /* FLCommentCell.m in Sources */ = {isa = PBXBuildFile; fileRef = FB07151E1F30A6C800F5B0CA /* FLCommentCell.m */; };
		FB2EC8731F32CB2200238756 /* d.html in Resources */ = {isa = PBXBuildFile; fileRef = FB2EC8721F32CB2200238756 /* d.html */; };
		FB4942A51F264F48005BCD9C /* FLStringUtils.m in Sources */ = {isa = PBXBuildFile; fileRef = FB4942A41F264F48005BCD9C /* FLStringUtils.m */; };
		FB6173AB1F1112D0009649E2 /* FLFlippedWord.m in Sources */ = {isa = PBXBuildFile; fileRef = FB6173951F1112D0009649E2 /* FLFlippedWord.m */; };
		FB6173AC1F1112D0009649E2 /* FLBaseViewController.m in Sources */ = {isa = PBXBuildFile; fileRef = FB61739A1F1112D0009649E2 /* FLBaseViewController.m */; };
		FB6173AD1F1112D0009649E2 /* FLLoginViewController.m in Sources */ = {isa = PBXBuildFile; fileRef = FB61739E1F1112D0009649E2 /* FLLoginViewController.m */; };
		FB6173AE1F1112D0009649E2 /* FLMineViewController.m in Sources */ = {isa = PBXBuildFile; fileRef = FB6173A21F1112D0009649E2 /* FLMineViewController.m */; };
		FB6173AF1F1112D0009649E2 /* FLPostViewController.m in Sources */ = {isa = PBXBuildFile; fileRef = FB6173A61F1112D0009649E2 /* FLPostViewController.m */; };
		FB6173B01F1112D0009649E2 /* FLSquareViewController.m in Sources */ = {isa = PBXBuildFile; fileRef = FB6173AA1F1112D0009649E2 /* FLSquareViewController.m */; };
		FB6173B31F11146A009649E2 /* FLContent.m in Sources */ = {isa = PBXBuildFile; fileRef = FB6173B21F11146A009649E2 /* FLContent.m */; };
		FB6E90B91F5308ED0050BA96 /* UIKit.framework in Frameworks */ = {isa = PBXBuildFile; fileRef = FB6E90B81F5308ED0050BA96 /* UIKit.framework */; };
		FB6E90BB1F5308F90050BA96 /* Foundation.framework in Frameworks */ = {isa = PBXBuildFile; fileRef = FB6E90BA1F5308F90050BA96 /* Foundation.framework */; };
		FB6E90BD1F5309030050BA96 /* AVFoundation.framework in Frameworks */ = {isa = PBXBuildFile; fileRef = FB6E90BC1F5309030050BA96 /* AVFoundation.framework */; };
		FB6E90BF1F5309110050BA96 /* CoreVideo.framework in Frameworks */ = {isa = PBXBuildFile; fileRef = FB6E90BE1F5309110050BA96 /* CoreVideo.framework */; };
		FB6E90C11F53091B0050BA96 /* VideoToolbox.framework in Frameworks */ = {isa = PBXBuildFile; fileRef = FB6E90C01F53091B0050BA96 /* VideoToolbox.framework */; };
		FB6E90C31F5309230050BA96 /* Accelerate.framework in Frameworks */ = {isa = PBXBuildFile; fileRef = FB6E90C21F5309230050BA96 /* Accelerate.framework */; };
		FB6E90C51F5309310050BA96 /* CoreMedia.framework in Frameworks */ = {isa = PBXBuildFile; fileRef = FB6E90C41F5309310050BA96 /* CoreMedia.framework */; };
		FB6E90C71F5309390050BA96 /* CoreGraphics.framework in Frameworks */ = {isa = PBXBuildFile; fileRef = FB6E90C61F5309390050BA96 /* CoreGraphics.framework */; };
		FB6E90C91F5309450050BA96 /* libprotobuf.tbd in Frameworks */ = {isa = PBXBuildFile; fileRef = FB6E90C81F5309450050BA96 /* libprotobuf.tbd */; };
		FB6E90CB1F5309520050BA96 /* libsqlite3.0.tbd in Frameworks */ = {isa = PBXBuildFile; fileRef = FB6E90CA1F5309520050BA96 /* libsqlite3.0.tbd */; };
		FB6E90CD1F53095C0050BA96 /* libresolv.tbd in Frameworks */ = {isa = PBXBuildFile; fileRef = FB6E90CC1F53095C0050BA96 /* libresolv.tbd */; };
		FB6E90CF1F5309630050BA96 /* libiconv.tbd in Frameworks */ = {isa = PBXBuildFile; fileRef = FB6E90CE1F5309630050BA96 /* libiconv.tbd */; };
		FB6E90D11F5309750050BA96 /* libbz2.tbd in Frameworks */ = {isa = PBXBuildFile; fileRef = FB6E90D01F5309750050BA96 /* libbz2.tbd */; };
		FB6E90D31F53097D0050BA96 /* libc++.tbd in Frameworks */ = {isa = PBXBuildFile; fileRef = FB6E90D21F53097D0050BA96 /* libc++.tbd */; };
		FB6E90D51F5309850050BA96 /* libstdc++.6.tbd in Frameworks */ = {isa = PBXBuildFile; fileRef = FB6E90D41F5309850050BA96 /* libstdc++.6.tbd */; };
		FB7CF6D61F1BA84200CD9F5C /* FLToast.m in Sources */ = {isa = PBXBuildFile; fileRef = FB7CF6D51F1BA84200CD9F5C /* FLToast.m */; };
		FB81176A1F3F4F950045202B /* FLSplashViewController.m in Sources */ = {isa = PBXBuildFile; fileRef = FB8117691F3F4F950045202B /* FLSplashViewController.m */; };
		FB8117741F3F555B0045202B /* flipped_splash0@2x.png in Resources */ = {isa = PBXBuildFile; fileRef = FB8117711F3F555B0045202B /* flipped_splash0@2x.png */; };
		FB8117751F3F555B0045202B /* flipped_splash1@2x.png in Resources */ = {isa = PBXBuildFile; fileRef = FB8117721F3F555B0045202B /* flipped_splash1@2x.png */; };
		FB8117761F3F555B0045202B /* flipped_splash2@2x.png in Resources */ = {isa = PBXBuildFile; fileRef = FB8117731F3F555B0045202B /* flipped_splash2@2x.png */; };
		FB8117AD1F44940A0045202B /* libmtasdk.a in Frameworks */ = {isa = PBXBuildFile; fileRef = FB8117A01F44940A0045202B /* libmtasdk.a */; };
		FB8117AE1F44940A0045202B /* PopMenuTableViewCell.m in Sources */ = {isa = PBXBuildFile; fileRef = FB8117A51F44940A0045202B /* PopMenuTableViewCell.m */; };
		FB8117AF1F44940A0045202B /* PopMenuTableViewCell.xib in Resources */ = {isa = PBXBuildFile; fileRef = FB8117A61F44940A0045202B /* PopMenuTableViewCell.xib */; };
		FB8117B01F44940A0045202B /* QQPopMenuView.m in Sources */ = {isa = PBXBuildFile; fileRef = FB8117A81F44940A0045202B /* QQPopMenuView.m */; };
		FB8117CA1F4753840045202B /* FLVideoMainViewController.m in Sources */ = {isa = PBXBuildFile; fileRef = FB8117C91F4753840045202B /* FLVideoMainViewController.m */; };
		FB8117F51F4924050045202B /* CPShareEntity.m in Sources */ = {isa = PBXBuildFile; fileRef = FB8117E11F4924050045202B /* CPShareEntity.m */; };
		FB8117F61F4924050045202B /* CPShareManager.m in Sources */ = {isa = PBXBuildFile; fileRef = FB8117E31F4924050045202B /* CPShareManager.m */; };
		FB8117F71F4924050045202B /* CPShareView.m in Sources */ = {isa = PBXBuildFile; fileRef = FB8117E51F4924050045202B /* CPShareView.m */; };
		FB8117F81F4924050045202B /* CPShareViewCell.m in Sources */ = {isa = PBXBuildFile; fileRef = FB8117E71F4924050045202B /* CPShareViewCell.m */; };
		FB8117F91F4924050045202B /* CPDiscovery_sharem_cancel_follow@2x.png in Resources */ = {isa = PBXBuildFile; fileRef = FB8117E91F4924050045202B /* CPDiscovery_sharem_cancel_follow@2x.png */; };
		FB8117FA1F4924050045202B /* CPDiscovery_sharem_delete@2x.png in Resources */ = {isa = PBXBuildFile; fileRef = FB8117EA1F4924050045202B /* CPDiscovery_sharem_delete@2x.png */; };
		FB8117FB1F4924050045202B /* CPDiscovery_sharem_edit@2x.png in Resources */ = {isa = PBXBuildFile; fileRef = FB8117EB1F4924050045202B /* CPDiscovery_sharem_edit@2x.png */; };
		FB8117FC1F4924050045202B /* CPDiscovery_sharem_follow@2x.png in Resources */ = {isa = PBXBuildFile; fileRef = FB8117EC1F4924050045202B /* CPDiscovery_sharem_follow@2x.png */; };
		FB8117FD1F4924050045202B /* CPDiscovery_sharem_friends_network@2x.png in Resources */ = {isa = PBXBuildFile; fileRef = FB8117ED1F4924050045202B /* CPDiscovery_sharem_friends_network@2x.png */; };
		FB8117FE1F4924050045202B /* CPDiscovery_sharem_qq@2x.png in Resources */ = {isa = PBXBuildFile; fileRef = FB8117EE1F4924050045202B /* CPDiscovery_sharem_qq@2x.png */; };
		FB8117FF1F4924050045202B /* CPDiscovery_sharem_report@2x.png in Resources */ = {isa = PBXBuildFile; fileRef = FB8117EF1F4924050045202B /* CPDiscovery_sharem_report@2x.png */; };
		FB8118001F4924050045202B /* CPDiscovery_sharem_team@2x.png in Resources */ = {isa = PBXBuildFile; fileRef = FB8117F01F4924050045202B /* CPDiscovery_sharem_team@2x.png */; };
		FB8118011F4924050045202B /* CPDiscovery_sharem_team_info@2x.png in Resources */ = {isa = PBXBuildFile; fileRef = FB8117F11F4924050045202B /* CPDiscovery_sharem_team_info@2x.png */; };
		FB8118021F4924050045202B /* CPDiscovery_sharem_tweet@2x.png in Resources */ = {isa = PBXBuildFile; fileRef = FB8117F21F4924050045202B /* CPDiscovery_sharem_tweet@2x.png */; };
		FB8118031F4924050045202B /* CPDiscovery_sharem_wx@2x.png in Resources */ = {isa = PBXBuildFile; fileRef = FB8117F31F4924050045202B /* CPDiscovery_sharem_wx@2x.png */; };
		FB8118041F4924050045202B /* CPDiscovery_sharem_zone@2x.png in Resources */ = {isa = PBXBuildFile; fileRef = FB8117F41F4924050045202B /* CPDiscovery_sharem_zone@2x.png */; };
		FB8118091F4924630045202B /* libWeChatSDK.a in Frameworks */ = {isa = PBXBuildFile; fileRef = FB8118061F4924630045202B /* libWeChatSDK.a */; };
		FB81180E1F5161730045202B /* flipped_splash_button@3x.png in Resources */ = {isa = PBXBuildFile; fileRef = FB81180A1F5161730045202B /* flipped_splash_button@3x.png */; };
		FB81180F1F5161730045202B /* flipped_splash0@3x.png in Resources */ = {isa = PBXBuildFile; fileRef = FB81180B1F5161730045202B /* flipped_splash0@3x.png */; };
		FB8118101F5161730045202B /* flipped_splash1@3x.png in Resources */ = {isa = PBXBuildFile; fileRef = FB81180C1F5161730045202B /* flipped_splash1@3x.png */; };
		FB8118111F5161730045202B /* flipped_splash2@3x.png in Resources */ = {isa = PBXBuildFile; fileRef = FB81180D1F5161730045202B /* flipped_splash2@3x.png */; };
		FB8118151F5167690045202B /* UIImage+scaleImage.m in Sources */ = {isa = PBXBuildFile; fileRef = FB8118141F5167690045202B /* UIImage+scaleImage.m */; };
		FBB917751F1252C5000C7353 /* FLFlippedWordCell.m in Sources */ = {isa = PBXBuildFile; fileRef = FBB917741F1252C5000C7353 /* FLFlippedWordCell.m */; };
		FBB9177C1F1254DA000C7353 /* flipped_content_pic@2x.png in Resources */ = {isa = PBXBuildFile; fileRef = FBB917761F1254DA000C7353 /* flipped_content_pic@2x.png */; };
		FBB9177D1F1254DA000C7353 /* flipped_content_video@2x.png in Resources */ = {isa = PBXBuildFile; fileRef = FBB917771F1254DA000C7353 /* flipped_content_video@2x.png */; };
		FBB9177E1F1254DA000C7353 /* flipped_content_sound@2x.png in Resources */ = {isa = PBXBuildFile; fileRef = FBB917781F1254DA000C7353 /* flipped_content_sound@2x.png */; };
		FBB9177F1F1254DA000C7353 /* logo.png in Resources */ = {isa = PBXBuildFile; fileRef = FBB917791F1254DA000C7353 /* logo.png */; };
		FBB917801F1254DA000C7353 /* post_add.png in Resources */ = {isa = PBXBuildFile; fileRef = FBB9177A1F1254DA000C7353 /* post_add.png */; };
		FBB917811F1254DA000C7353 /* WechatIMG9.png in Resources */ = {isa = PBXBuildFile; fileRef = FBB9177B1F1254DA000C7353 /* WechatIMG9.png */; };
		FBBA70651F24E35400CADD08 /* UILabel+ChangeLineSpaceAndWordSpace.m in Sources */ = {isa = PBXBuildFile; fileRef = FBBA70641F24E35400CADD08 /* UILabel+ChangeLineSpaceAndWordSpace.m */; };
		FBCD22291F1A0F8100D8B718 /* NSString+MD5.m in Sources */ = {isa = PBXBuildFile; fileRef = FBCD22281F1A0F8100D8B718 /* NSString+MD5.m */; };
		FBCD222C1F1A21EB00D8B718 /* NSString+Base64.m in Sources */ = {isa = PBXBuildFile; fileRef = FBCD222B1F1A21EB00D8B718 /* NSString+Base64.m */; };
		FBCD22301F1A5A2400D8B718 /* FLAFHTTPSessionManager.m in Sources */ = {isa = PBXBuildFile; fileRef = FBCD222F1F1A5A2400D8B718 /* FLAFHTTPSessionManager.m */; };
		FBD8FE1E1F5CEADE008BB33A /* AssetsLibrary.framework in Frameworks */ = {isa = PBXBuildFile; fileRef = FBD8FE1D1F5CEADE008BB33A /* AssetsLibrary.framework */; };
		FBD938AF1F1E29E600900842 /* flipped_post_add_pic@2x.png in Resources */ = {isa = PBXBuildFile; fileRef = FBD938AE1F1E29E600900842 /* flipped_post_add_pic@2x.png */; };
		FBD938B21F1E306A00900842 /* FLCloudService.m in Sources */ = {isa = PBXBuildFile; fileRef = FBD938B11F1E306A00900842 /* FLCloudService.m */; };
		FBD938B51F1F587200900842 /* FLUserInfoManager.m in Sources */ = {isa = PBXBuildFile; fileRef = FBD938B41F1F587200900842 /* FLUserInfoManager.m */; };
		FBD938BD1F1F9DB200900842 /* libz.tbd in Frameworks */ = {isa = PBXBuildFile; fileRef = FBD938BC1F1F9DB100900842 /* libz.tbd */; };
		FBD938C11F1F9DC000900842 /* Security.framework in Frameworks */ = {isa = PBXBuildFile; fileRef = FBD938C01F1F9DC000900842 /* Security.framework */; };
		FBD938C31F1F9DC800900842 /* CFNetwork.framework in Frameworks */ = {isa = PBXBuildFile; fileRef = FBD938C21F1F9DC800900842 /* CFNetwork.framework */; };
		FBD938C51F1F9DCE00900842 /* SystemConfiguration.framework in Frameworks */ = {isa = PBXBuildFile; fileRef = FBD938C41F1F9DCE00900842 /* SystemConfiguration.framework */; };
		FBD938C71F1F9DD400900842 /* CoreTelephony.framework in Frameworks */ = {isa = PBXBuildFile; fileRef = FBD938C61F1F9DD400900842 /* CoreTelephony.framework */; };
		FBD938C91F1FA33900900842 /* flipped_pic_default.png in Resources */ = {isa = PBXBuildFile; fileRef = FBD938C81F1FA33900900842 /* flipped_pic_default.png */; };
		FBD938CE1F248B4A00900842 /* FLHelpViewController.m in Sources */ = {isa = PBXBuildFile; fileRef = FBD938CD1F248B4A00900842 /* FLHelpViewController.m */; };
		FBD938D11F248C0700900842 /* FLHelpService.m in Sources */ = {isa = PBXBuildFile; fileRef = FBD938D01F248C0700900842 /* FLHelpService.m */; };
		FBD938D41F2491E200900842 /* FLNewMineViewController.m in Sources */ = {isa = PBXBuildFile; fileRef = FBD938D31F2491E200900842 /* FLNewMineViewController.m */; };
		FBD938D71F24956D00900842 /* UIColor+HexColor.m in Sources */ = {isa = PBXBuildFile; fileRef = FBD938D61F24956D00900842 /* UIColor+HexColor.m */; };
		FBD938DC1F249E0C00900842 /* FLFeedbackViewController.m in Sources */ = {isa = PBXBuildFile; fileRef = FBD938DB1F249E0C00900842 /* FLFeedbackViewController.m */; };
		FBD938DF1F24A1A700900842 /* FLFeedbackService.m in Sources */ = {isa = PBXBuildFile; fileRef = FBD938DE1F24A1A700900842 /* FLFeedbackService.m */; };
		FBE0D77D1F19C792006D6C47 /* FLFlippedListViewController.m in Sources */ = {isa = PBXBuildFile; fileRef = FBE0D77C1F19C792006D6C47 /* FLFlippedListViewController.m */; };
		FBE0D7801F19F135006D6C47 /* FLBaseService.m in Sources */ = {isa = PBXBuildFile; fileRef = FBE0D77F1F19F135006D6C47 /* FLBaseService.m */; };
		FBE0D7831F19F279006D6C47 /* FLUserService.m in Sources */ = {isa = PBXBuildFile; fileRef = FBE0D7821F19F279006D6C47 /* FLUserService.m */; };
/* End PBXBuildFile section */

/* Begin PBXFileReference section */
		45471A511F5EB08E009E1DED /* QAVSDK.framework */ = {isa = PBXFileReference; lastKnownFileType = wrapper.framework; path = QAVSDK.framework; sourceTree = "<group>"; };
		45471A521F5EB08E009E1DED /* xplatform.framework */ = {isa = PBXFileReference; lastKnownFileType = wrapper.framework; path = xplatform.framework; sourceTree = "<group>"; };
		45471A531F5EB08E009E1DED /* ILiveSDK.framework */ = {isa = PBXFileReference; lastKnownFileType = wrapper.framework; path = ILiveSDK.framework; sourceTree = "<group>"; };
		45471A551F5EB08E009E1DED /* IMCore.framework */ = {isa = PBXFileReference; lastKnownFileType = wrapper.framework; path = IMCore.framework; sourceTree = "<group>"; };
		45471A561F5EB08E009E1DED /* ImSDK.framework */ = {isa = PBXFileReference; lastKnownFileType = wrapper.framework; path = ImSDK.framework; sourceTree = "<group>"; };
		45471A571F5EB08E009E1DED /* IMSDKBugly.framework */ = {isa = PBXFileReference; lastKnownFileType = wrapper.framework; path = IMSDKBugly.framework; sourceTree = "<group>"; };
		45471A581F5EB08E009E1DED /* QALSDK.framework */ = {isa = PBXFileReference; lastKnownFileType = wrapper.framework; path = QALSDK.framework; sourceTree = "<group>"; };
		45471A591F5EB08E009E1DED /* TLSSDK.framework */ = {isa = PBXFileReference; lastKnownFileType = wrapper.framework; path = TLSSDK.framework; sourceTree = "<group>"; };
		45471A5A1F5EB08E009E1DED /* TILCallSDK.framework */ = {isa = PBXFileReference; lastKnownFileType = wrapper.framework; path = TILCallSDK.framework; sourceTree = "<group>"; };
		45471A641F5EB1BB009E1DED /* FLFlippedCallsService.h */ = {isa = PBXFileReference; lastKnownFileType = sourcecode.c.h; path = FLFlippedCallsService.h; sourceTree = "<group>"; };
		45471A651F5EB1C3009E1DED /* FLFlippedCallsService.m */ = {isa = PBXFileReference; fileEncoding = 4; lastKnownFileType = sourcecode.c.objc; path = FLFlippedCallsService.m; sourceTree = "<group>"; };
		457195291F0C906900671634 /* FLFlippedWordsService.h */ = {isa = PBXFileReference; lastKnownFileType = sourcecode.c.h; path = FLFlippedWordsService.h; sourceTree = "<group>"; };
		4571952A1F0C907300671634 /* FLFlippedWordsService.m */ = {isa = PBXFileReference; fileEncoding = 4; lastKnownFileType = sourcecode.c.objc; path = FLFlippedWordsService.m; sourceTree = "<group>"; };
		45D2720B1F0B343E00AF180E /* Flipped.app */ = {isa = PBXFileReference; explicitFileType = wrapper.application; includeInIndex = 0; path = Flipped.app; sourceTree = BUILT_PRODUCTS_DIR; };
		45D2720F1F0B343E00AF180E /* main.m */ = {isa = PBXFileReference; lastKnownFileType = sourcecode.c.objc; path = main.m; sourceTree = "<group>"; };
		45D272111F0B343E00AF180E /* AppDelegate.h */ = {isa = PBXFileReference; lastKnownFileType = sourcecode.c.h; path = AppDelegate.h; sourceTree = "<group>"; };
		45D272121F0B343E00AF180E /* AppDelegate.m */ = {isa = PBXFileReference; lastKnownFileType = sourcecode.c.objc; path = AppDelegate.m; sourceTree = "<group>"; };
		45D2721A1F0B343E00AF180E /* Assets.xcassets */ = {isa = PBXFileReference; lastKnownFileType = folder.assetcatalog; path = Assets.xcassets; sourceTree = "<group>"; };
		45D2721F1F0B343E00AF180E /* Info.plist */ = {isa = PBXFileReference; lastKnownFileType = text.plist.xml; path = Info.plist; sourceTree = "<group>"; };
		45D272411F0B43BC00AF180E /* comm_tab_mine@2x.png */ = {isa = PBXFileReference; lastKnownFileType = image.png; path = "comm_tab_mine@2x.png"; sourceTree = "<group>"; };
		45D272421F0B43BC00AF180E /* comm_tab_mine_selected@2x.png */ = {isa = PBXFileReference; lastKnownFileType = image.png; path = "comm_tab_mine_selected@2x.png"; sourceTree = "<group>"; };
		45D272431F0B43BC00AF180E /* comm_tab_square@2x.png */ = {isa = PBXFileReference; lastKnownFileType = image.png; path = "comm_tab_square@2x.png"; sourceTree = "<group>"; };
		45D272441F0B43BC00AF180E /* comm_tab_square_selected@2x.png */ = {isa = PBXFileReference; lastKnownFileType = image.png; path = "comm_tab_square_selected@2x.png"; sourceTree = "<group>"; };
		45F1C8BD1F1F2A5800A3B74C /* FLFlippedDetailViewController.h */ = {isa = PBXFileReference; lastKnownFileType = sourcecode.c.h; path = FLFlippedDetailViewController.h; sourceTree = "<group>"; };
		45F1C8BE1F1F2A6100A3B74C /* FLFlippedDetailViewController.m */ = {isa = PBXFileReference; fileEncoding = 4; lastKnownFileType = sourcecode.c.objc; path = FLFlippedDetailViewController.m; sourceTree = "<group>"; };
		7BA26D2BB5C6386B31F8E1A5 /* Pods-Flipped.debug.xcconfig */ = {isa = PBXFileReference; includeInIndex = 1; lastKnownFileType = text.xcconfig; name = "Pods-Flipped.debug.xcconfig"; path = "Pods/Target Support Files/Pods-Flipped/Pods-Flipped.debug.xcconfig"; sourceTree = "<group>"; };
		7CA5465F4BAB318854577797 /* Pods-Flipped.release.xcconfig */ = {isa = PBXFileReference; includeInIndex = 1; lastKnownFileType = text.xcconfig; name = "Pods-Flipped.release.xcconfig"; path = "Pods/Target Support Files/Pods-Flipped/Pods-Flipped.release.xcconfig"; sourceTree = "<group>"; };
		A6CB62EA12AEAE674DF275B1 /* libPods-Flipped.a */ = {isa = PBXFileReference; explicitFileType = archive.ar; includeInIndex = 0; path = "libPods-Flipped.a"; sourceTree = BUILT_PRODUCTS_DIR; };
		FB0366421F5D88D300B0545F /* Flipped.pch */ = {isa = PBXFileReference; lastKnownFileType = sourcecode.c.h; path = Flipped.pch; sourceTree = "<group>"; };
		FB0366431F5D8F2400B0545F /* FLVideoService.h */ = {isa = PBXFileReference; lastKnownFileType = sourcecode.c.h; path = FLVideoService.h; sourceTree = "<group>"; };
		FB0366441F5D8F2C00B0545F /* FLVideoService.m */ = {isa = PBXFileReference; fileEncoding = 4; lastKnownFileType = sourcecode.c.objc; path = FLVideoService.m; sourceTree = "<group>"; };
		FB0366491F5D93E700B0545F /* FLVideoHelper.h */ = {isa = PBXFileReference; lastKnownFileType = sourcecode.c.h; path = FLVideoHelper.h; sourceTree = "<group>"; };
		FB03664A1F5D93F300B0545F /* FLVideoHelper.m */ = {isa = PBXFileReference; fileEncoding = 4; lastKnownFileType = sourcecode.c.objc; path = FLVideoHelper.m; sourceTree = "<group>"; };
		FB0366521F5D9E0100B0545F /* CallC2CMakeViewController.h */ = {isa = PBXFileReference; fileEncoding = 4; lastKnownFileType = sourcecode.c.h; path = CallC2CMakeViewController.h; sourceTree = "<group>"; };
		FB0366531F5D9E0100B0545F /* CallC2CMakeViewController.m */ = {isa = PBXFileReference; fileEncoding = 4; lastKnownFileType = sourcecode.c.objc; path = CallC2CMakeViewController.m; sourceTree = "<group>"; };
		FB0366541F5D9E0100B0545F /* CallC2CRecvViewController.h */ = {isa = PBXFileReference; fileEncoding = 4; lastKnownFileType = sourcecode.c.h; path = CallC2CRecvViewController.h; sourceTree = "<group>"; };
		FB0366551F5D9E0100B0545F /* CallC2CRecvViewController.m */ = {isa = PBXFileReference; fileEncoding = 4; lastKnownFileType = sourcecode.c.objc; path = CallC2CRecvViewController.m; sourceTree = "<group>"; };
		FB0366581F5D9E6900B0545F /* Main.storyboard */ = {isa = PBXFileReference; fileEncoding = 4; lastKnownFileType = file.storyboard; path = Main.storyboard; sourceTree = "<group>"; };
		FB0715031F305CA000F5B0CA /* FLCopyLabel.h */ = {isa = PBXFileReference; lastKnownFileType = sourcecode.c.h; path = FLCopyLabel.h; sourceTree = "<group>"; };
		FB0715041F305CAD00F5B0CA /* FLCopyLabel.m */ = {isa = PBXFileReference; fileEncoding = 4; lastKnownFileType = sourcecode.c.objc; path = FLCopyLabel.m; sourceTree = "<group>"; };
		FB0715121F3064B800F5B0CA /* FLLink.h */ = {isa = PBXFileReference; lastKnownFileType = sourcecode.c.h; path = FLLink.h; sourceTree = "<group>"; };
		FB0715131F3064C000F5B0CA /* FLLink.m */ = {isa = PBXFileReference; fileEncoding = 4; lastKnownFileType = sourcecode.c.objc; path = FLLink.m; sourceTree = "<group>"; };
		FB0715151F3069BD00F5B0CA /* flipped_detail_more@2x.png */ = {isa = PBXFileReference; lastKnownFileType = image.png; path = "flipped_detail_more@2x.png"; sourceTree = "<group>"; };
		FB0715171F306C4B00F5B0CA /* FLCommService.h */ = {isa = PBXFileReference; lastKnownFileType = sourcecode.c.h; path = FLCommService.h; sourceTree = "<group>"; };
		FB0715181F306C5300F5B0CA /* FLCommService.m */ = {isa = PBXFileReference; fileEncoding = 4; lastKnownFileType = sourcecode.c.objc; path = FLCommService.m; sourceTree = "<group>"; };
		FB07151A1F30A42A00F5B0CA /* FLComment.h */ = {isa = PBXFileReference; lastKnownFileType = sourcecode.c.h; path = FLComment.h; sourceTree = "<group>"; };
		FB07151B1F30A43500F5B0CA /* FLComment.m */ = {isa = PBXFileReference; fileEncoding = 4; lastKnownFileType = sourcecode.c.objc; path = FLComment.m; sourceTree = "<group>"; };
		FB07151D1F30A6BE00F5B0CA /* FLCommentCell.h */ = {isa = PBXFileReference; lastKnownFileType = sourcecode.c.h; path = FLCommentCell.h; sourceTree = "<group>"; };
		FB07151E1F30A6C800F5B0CA /* FLCommentCell.m */ = {isa = PBXFileReference; fileEncoding = 4; lastKnownFileType = sourcecode.c.objc; path = FLCommentCell.m; sourceTree = "<group>"; };
		FB2EC8721F32CB2200238756 /* d.html */ = {isa = PBXFileReference; fileEncoding = 4; lastKnownFileType = text.html; path = d.html; sourceTree = "<group>"; };
		FB4942A31F264F3E005BCD9C /* FLStringUtils.h */ = {isa = PBXFileReference; lastKnownFileType = sourcecode.c.h; path = FLStringUtils.h; sourceTree = "<group>"; };
		FB4942A41F264F48005BCD9C /* FLStringUtils.m */ = {isa = PBXFileReference; fileEncoding = 4; lastKnownFileType = sourcecode.c.objc; path = FLStringUtils.m; sourceTree = "<group>"; };
		FB6173941F1112D0009649E2 /* FLFlippedWord.h */ = {isa = PBXFileReference; fileEncoding = 4; lastKnownFileType = sourcecode.c.h; path = FLFlippedWord.h; sourceTree = "<group>"; };
		FB6173951F1112D0009649E2 /* FLFlippedWord.m */ = {isa = PBXFileReference; fileEncoding = 4; lastKnownFileType = sourcecode.c.objc; path = FLFlippedWord.m; sourceTree = "<group>"; };
		FB6173991F1112D0009649E2 /* FLBaseViewController.h */ = {isa = PBXFileReference; fileEncoding = 4; lastKnownFileType = sourcecode.c.h; path = FLBaseViewController.h; sourceTree = "<group>"; };
		FB61739A1F1112D0009649E2 /* FLBaseViewController.m */ = {isa = PBXFileReference; fileEncoding = 4; lastKnownFileType = sourcecode.c.objc; path = FLBaseViewController.m; sourceTree = "<group>"; };
		FB61739D1F1112D0009649E2 /* FLLoginViewController.h */ = {isa = PBXFileReference; fileEncoding = 4; lastKnownFileType = sourcecode.c.h; path = FLLoginViewController.h; sourceTree = "<group>"; };
		FB61739E1F1112D0009649E2 /* FLLoginViewController.m */ = {isa = PBXFileReference; fileEncoding = 4; lastKnownFileType = sourcecode.c.objc; path = FLLoginViewController.m; sourceTree = "<group>"; };
		FB6173A11F1112D0009649E2 /* FLMineViewController.h */ = {isa = PBXFileReference; fileEncoding = 4; lastKnownFileType = sourcecode.c.h; path = FLMineViewController.h; sourceTree = "<group>"; };
		FB6173A21F1112D0009649E2 /* FLMineViewController.m */ = {isa = PBXFileReference; fileEncoding = 4; lastKnownFileType = sourcecode.c.objc; path = FLMineViewController.m; sourceTree = "<group>"; };
		FB6173A51F1112D0009649E2 /* FLPostViewController.h */ = {isa = PBXFileReference; fileEncoding = 4; lastKnownFileType = sourcecode.c.h; path = FLPostViewController.h; sourceTree = "<group>"; };
		FB6173A61F1112D0009649E2 /* FLPostViewController.m */ = {isa = PBXFileReference; fileEncoding = 4; lastKnownFileType = sourcecode.c.objc; path = FLPostViewController.m; sourceTree = "<group>"; };
		FB6173A91F1112D0009649E2 /* FLSquareViewController.h */ = {isa = PBXFileReference; fileEncoding = 4; lastKnownFileType = sourcecode.c.h; path = FLSquareViewController.h; sourceTree = "<group>"; };
		FB6173AA1F1112D0009649E2 /* FLSquareViewController.m */ = {isa = PBXFileReference; fileEncoding = 4; lastKnownFileType = sourcecode.c.objc; path = FLSquareViewController.m; sourceTree = "<group>"; };
		FB6173B11F11145C009649E2 /* FLContent.h */ = {isa = PBXFileReference; lastKnownFileType = sourcecode.c.h; path = FLContent.h; sourceTree = "<group>"; };
		FB6173B21F11146A009649E2 /* FLContent.m */ = {isa = PBXFileReference; fileEncoding = 4; lastKnownFileType = sourcecode.c.objc; path = FLContent.m; sourceTree = "<group>"; };
		FB6E90B81F5308ED0050BA96 /* UIKit.framework */ = {isa = PBXFileReference; lastKnownFileType = wrapper.framework; name = UIKit.framework; path = System/Library/Frameworks/UIKit.framework; sourceTree = SDKROOT; };
		FB6E90BA1F5308F90050BA96 /* Foundation.framework */ = {isa = PBXFileReference; lastKnownFileType = wrapper.framework; name = Foundation.framework; path = System/Library/Frameworks/Foundation.framework; sourceTree = SDKROOT; };
		FB6E90BC1F5309030050BA96 /* AVFoundation.framework */ = {isa = PBXFileReference; lastKnownFileType = wrapper.framework; name = AVFoundation.framework; path = System/Library/Frameworks/AVFoundation.framework; sourceTree = SDKROOT; };
		FB6E90BE1F5309110050BA96 /* CoreVideo.framework */ = {isa = PBXFileReference; lastKnownFileType = wrapper.framework; name = CoreVideo.framework; path = System/Library/Frameworks/CoreVideo.framework; sourceTree = SDKROOT; };
		FB6E90C01F53091B0050BA96 /* VideoToolbox.framework */ = {isa = PBXFileReference; lastKnownFileType = wrapper.framework; name = VideoToolbox.framework; path = System/Library/Frameworks/VideoToolbox.framework; sourceTree = SDKROOT; };
		FB6E90C21F5309230050BA96 /* Accelerate.framework */ = {isa = PBXFileReference; lastKnownFileType = wrapper.framework; name = Accelerate.framework; path = System/Library/Frameworks/Accelerate.framework; sourceTree = SDKROOT; };
		FB6E90C41F5309310050BA96 /* CoreMedia.framework */ = {isa = PBXFileReference; lastKnownFileType = wrapper.framework; name = CoreMedia.framework; path = System/Library/Frameworks/CoreMedia.framework; sourceTree = SDKROOT; };
		FB6E90C61F5309390050BA96 /* CoreGraphics.framework */ = {isa = PBXFileReference; lastKnownFileType = wrapper.framework; name = CoreGraphics.framework; path = System/Library/Frameworks/CoreGraphics.framework; sourceTree = SDKROOT; };
		FB6E90C81F5309450050BA96 /* libprotobuf.tbd */ = {isa = PBXFileReference; lastKnownFileType = "sourcecode.text-based-dylib-definition"; name = libprotobuf.tbd; path = usr/lib/libprotobuf.tbd; sourceTree = SDKROOT; };
		FB6E90CA1F5309520050BA96 /* libsqlite3.0.tbd */ = {isa = PBXFileReference; lastKnownFileType = "sourcecode.text-based-dylib-definition"; name = libsqlite3.0.tbd; path = usr/lib/libsqlite3.0.tbd; sourceTree = SDKROOT; };
		FB6E90CC1F53095C0050BA96 /* libresolv.tbd */ = {isa = PBXFileReference; lastKnownFileType = "sourcecode.text-based-dylib-definition"; name = libresolv.tbd; path = usr/lib/libresolv.tbd; sourceTree = SDKROOT; };
		FB6E90CE1F5309630050BA96 /* libiconv.tbd */ = {isa = PBXFileReference; lastKnownFileType = "sourcecode.text-based-dylib-definition"; name = libiconv.tbd; path = usr/lib/libiconv.tbd; sourceTree = SDKROOT; };
		FB6E90D01F5309750050BA96 /* libbz2.tbd */ = {isa = PBXFileReference; lastKnownFileType = "sourcecode.text-based-dylib-definition"; name = libbz2.tbd; path = usr/lib/libbz2.tbd; sourceTree = SDKROOT; };
		FB6E90D21F53097D0050BA96 /* libc++.tbd */ = {isa = PBXFileReference; lastKnownFileType = "sourcecode.text-based-dylib-definition"; name = "libc++.tbd"; path = "usr/lib/libc++.tbd"; sourceTree = SDKROOT; };
		FB6E90D41F5309850050BA96 /* libstdc++.6.tbd */ = {isa = PBXFileReference; lastKnownFileType = "sourcecode.text-based-dylib-definition"; name = "libstdc++.6.tbd"; path = "usr/lib/libstdc++.6.tbd"; sourceTree = SDKROOT; };
		FB7CF6D41F1BA83600CD9F5C /* FLToast.h */ = {isa = PBXFileReference; lastKnownFileType = sourcecode.c.h; path = FLToast.h; sourceTree = "<group>"; };
		FB7CF6D51F1BA84200CD9F5C /* FLToast.m */ = {isa = PBXFileReference; fileEncoding = 4; lastKnownFileType = sourcecode.c.objc; path = FLToast.m; sourceTree = "<group>"; };
		FB8117681F3F4F8D0045202B /* FLSplashViewController.h */ = {isa = PBXFileReference; lastKnownFileType = sourcecode.c.h; path = FLSplashViewController.h; sourceTree = "<group>"; };
		FB8117691F3F4F950045202B /* FLSplashViewController.m */ = {isa = PBXFileReference; fileEncoding = 4; lastKnownFileType = sourcecode.c.objc; path = FLSplashViewController.m; sourceTree = "<group>"; };
		FB8117711F3F555B0045202B /* flipped_splash0@2x.png */ = {isa = PBXFileReference; lastKnownFileType = image.png; path = "flipped_splash0@2x.png"; sourceTree = "<group>"; };
		FB8117721F3F555B0045202B /* flipped_splash1@2x.png */ = {isa = PBXFileReference; lastKnownFileType = image.png; path = "flipped_splash1@2x.png"; sourceTree = "<group>"; };
		FB8117731F3F555B0045202B /* flipped_splash2@2x.png */ = {isa = PBXFileReference; lastKnownFileType = image.png; path = "flipped_splash2@2x.png"; sourceTree = "<group>"; };
		FB8117A01F44940A0045202B /* libmtasdk.a */ = {isa = PBXFileReference; lastKnownFileType = archive.ar; path = libmtasdk.a; sourceTree = "<group>"; };
		FB8117A11F44940A0045202B /* MTA.h */ = {isa = PBXFileReference; fileEncoding = 4; lastKnownFileType = sourcecode.c.h; path = MTA.h; sourceTree = "<group>"; };
		FB8117A21F44940A0045202B /* MTAConfig.h */ = {isa = PBXFileReference; fileEncoding = 4; lastKnownFileType = sourcecode.c.h; path = MTAConfig.h; sourceTree = "<group>"; };
		FB8117A41F44940A0045202B /* PopMenuTableViewCell.h */ = {isa = PBXFileReference; fileEncoding = 4; lastKnownFileType = sourcecode.c.h; path = PopMenuTableViewCell.h; sourceTree = "<group>"; };
		FB8117A51F44940A0045202B /* PopMenuTableViewCell.m */ = {isa = PBXFileReference; fileEncoding = 4; lastKnownFileType = sourcecode.c.objc; path = PopMenuTableViewCell.m; sourceTree = "<group>"; };
		FB8117A61F44940A0045202B /* PopMenuTableViewCell.xib */ = {isa = PBXFileReference; fileEncoding = 4; lastKnownFileType = file.xib; path = PopMenuTableViewCell.xib; sourceTree = "<group>"; };
		FB8117A71F44940A0045202B /* QQPopMenuView.h */ = {isa = PBXFileReference; fileEncoding = 4; lastKnownFileType = sourcecode.c.h; path = QQPopMenuView.h; sourceTree = "<group>"; };
		FB8117A81F44940A0045202B /* QQPopMenuView.m */ = {isa = PBXFileReference; fileEncoding = 4; lastKnownFileType = sourcecode.c.objc; path = QQPopMenuView.m; sourceTree = "<group>"; };
		FB8117C81F47537B0045202B /* FLVideoMainViewController.h */ = {isa = PBXFileReference; lastKnownFileType = sourcecode.c.h; path = FLVideoMainViewController.h; sourceTree = "<group>"; };
		FB8117C91F4753840045202B /* FLVideoMainViewController.m */ = {isa = PBXFileReference; fileEncoding = 4; lastKnownFileType = sourcecode.c.objc; path = FLVideoMainViewController.m; sourceTree = "<group>"; };
		FB8117E01F4924050045202B /* CPShareEntity.h */ = {isa = PBXFileReference; fileEncoding = 4; lastKnownFileType = sourcecode.c.h; path = CPShareEntity.h; sourceTree = "<group>"; };
		FB8117E11F4924050045202B /* CPShareEntity.m */ = {isa = PBXFileReference; fileEncoding = 4; lastKnownFileType = sourcecode.c.objc; path = CPShareEntity.m; sourceTree = "<group>"; };
		FB8117E21F4924050045202B /* CPShareManager.h */ = {isa = PBXFileReference; fileEncoding = 4; lastKnownFileType = sourcecode.c.h; path = CPShareManager.h; sourceTree = "<group>"; };
		FB8117E31F4924050045202B /* CPShareManager.m */ = {isa = PBXFileReference; fileEncoding = 4; lastKnownFileType = sourcecode.c.objc; path = CPShareManager.m; sourceTree = "<group>"; };
		FB8117E41F4924050045202B /* CPShareView.h */ = {isa = PBXFileReference; fileEncoding = 4; lastKnownFileType = sourcecode.c.h; path = CPShareView.h; sourceTree = "<group>"; };
		FB8117E51F4924050045202B /* CPShareView.m */ = {isa = PBXFileReference; fileEncoding = 4; lastKnownFileType = sourcecode.c.objc; path = CPShareView.m; sourceTree = "<group>"; };
		FB8117E61F4924050045202B /* CPShareViewCell.h */ = {isa = PBXFileReference; fileEncoding = 4; lastKnownFileType = sourcecode.c.h; path = CPShareViewCell.h; sourceTree = "<group>"; };
		FB8117E71F4924050045202B /* CPShareViewCell.m */ = {isa = PBXFileReference; fileEncoding = 4; lastKnownFileType = sourcecode.c.objc; path = CPShareViewCell.m; sourceTree = "<group>"; };
		FB8117E91F4924050045202B /* CPDiscovery_sharem_cancel_follow@2x.png */ = {isa = PBXFileReference; lastKnownFileType = image.png; path = "CPDiscovery_sharem_cancel_follow@2x.png"; sourceTree = "<group>"; };
		FB8117EA1F4924050045202B /* CPDiscovery_sharem_delete@2x.png */ = {isa = PBXFileReference; lastKnownFileType = image.png; path = "CPDiscovery_sharem_delete@2x.png"; sourceTree = "<group>"; };
		FB8117EB1F4924050045202B /* CPDiscovery_sharem_edit@2x.png */ = {isa = PBXFileReference; lastKnownFileType = image.png; path = "CPDiscovery_sharem_edit@2x.png"; sourceTree = "<group>"; };
		FB8117EC1F4924050045202B /* CPDiscovery_sharem_follow@2x.png */ = {isa = PBXFileReference; lastKnownFileType = image.png; path = "CPDiscovery_sharem_follow@2x.png"; sourceTree = "<group>"; };
		FB8117ED1F4924050045202B /* CPDiscovery_sharem_friends_network@2x.png */ = {isa = PBXFileReference; lastKnownFileType = image.png; path = "CPDiscovery_sharem_friends_network@2x.png"; sourceTree = "<group>"; };
		FB8117EE1F4924050045202B /* CPDiscovery_sharem_qq@2x.png */ = {isa = PBXFileReference; lastKnownFileType = image.png; path = "CPDiscovery_sharem_qq@2x.png"; sourceTree = "<group>"; };
		FB8117EF1F4924050045202B /* CPDiscovery_sharem_report@2x.png */ = {isa = PBXFileReference; lastKnownFileType = image.png; path = "CPDiscovery_sharem_report@2x.png"; sourceTree = "<group>"; };
		FB8117F01F4924050045202B /* CPDiscovery_sharem_team@2x.png */ = {isa = PBXFileReference; lastKnownFileType = image.png; path = "CPDiscovery_sharem_team@2x.png"; sourceTree = "<group>"; };
		FB8117F11F4924050045202B /* CPDiscovery_sharem_team_info@2x.png */ = {isa = PBXFileReference; lastKnownFileType = image.png; path = "CPDiscovery_sharem_team_info@2x.png"; sourceTree = "<group>"; };
		FB8117F21F4924050045202B /* CPDiscovery_sharem_tweet@2x.png */ = {isa = PBXFileReference; lastKnownFileType = image.png; path = "CPDiscovery_sharem_tweet@2x.png"; sourceTree = "<group>"; };
		FB8117F31F4924050045202B /* CPDiscovery_sharem_wx@2x.png */ = {isa = PBXFileReference; lastKnownFileType = image.png; path = "CPDiscovery_sharem_wx@2x.png"; sourceTree = "<group>"; };
		FB8117F41F4924050045202B /* CPDiscovery_sharem_zone@2x.png */ = {isa = PBXFileReference; lastKnownFileType = image.png; path = "CPDiscovery_sharem_zone@2x.png"; sourceTree = "<group>"; };
		FB8118061F4924630045202B /* libWeChatSDK.a */ = {isa = PBXFileReference; lastKnownFileType = archive.ar; path = libWeChatSDK.a; sourceTree = "<group>"; };
		FB8118071F4924630045202B /* WXApi.h */ = {isa = PBXFileReference; fileEncoding = 4; lastKnownFileType = sourcecode.c.h; path = WXApi.h; sourceTree = "<group>"; };
		FB8118081F4924630045202B /* WXApiObject.h */ = {isa = PBXFileReference; fileEncoding = 4; lastKnownFileType = sourcecode.c.h; path = WXApiObject.h; sourceTree = "<group>"; };
		FB81180A1F5161730045202B /* flipped_splash_button@3x.png */ = {isa = PBXFileReference; lastKnownFileType = image.png; path = "flipped_splash_button@3x.png"; sourceTree = "<group>"; };
		FB81180B1F5161730045202B /* flipped_splash0@3x.png */ = {isa = PBXFileReference; lastKnownFileType = image.png; path = "flipped_splash0@3x.png"; sourceTree = "<group>"; };
		FB81180C1F5161730045202B /* flipped_splash1@3x.png */ = {isa = PBXFileReference; lastKnownFileType = image.png; path = "flipped_splash1@3x.png"; sourceTree = "<group>"; };
		FB81180D1F5161730045202B /* flipped_splash2@3x.png */ = {isa = PBXFileReference; lastKnownFileType = image.png; path = "flipped_splash2@3x.png"; sourceTree = "<group>"; };
		FB8118131F5167690045202B /* UIImage+scaleImage.h */ = {isa = PBXFileReference; fileEncoding = 4; lastKnownFileType = sourcecode.c.h; path = "UIImage+scaleImage.h"; sourceTree = "<group>"; };
		FB8118141F5167690045202B /* UIImage+scaleImage.m */ = {isa = PBXFileReference; fileEncoding = 4; lastKnownFileType = sourcecode.c.objc; path = "UIImage+scaleImage.m"; sourceTree = "<group>"; };
		FBB917731F1252B9000C7353 /* FLFlippedWordCell.h */ = {isa = PBXFileReference; lastKnownFileType = sourcecode.c.h; name = FLFlippedWordCell.h; path = ../../Square/Views/FLFlippedWordCell.h; sourceTree = "<group>"; };
		FBB917741F1252C5000C7353 /* FLFlippedWordCell.m */ = {isa = PBXFileReference; fileEncoding = 4; lastKnownFileType = sourcecode.c.objc; name = FLFlippedWordCell.m; path = ../../Square/Views/FLFlippedWordCell.m; sourceTree = "<group>"; };
		FBB917761F1254DA000C7353 /* flipped_content_pic@2x.png */ = {isa = PBXFileReference; lastKnownFileType = image.png; path = "flipped_content_pic@2x.png"; sourceTree = "<group>"; };
		FBB917771F1254DA000C7353 /* flipped_content_video@2x.png */ = {isa = PBXFileReference; lastKnownFileType = image.png; path = "flipped_content_video@2x.png"; sourceTree = "<group>"; };
		FBB917781F1254DA000C7353 /* flipped_content_sound@2x.png */ = {isa = PBXFileReference; lastKnownFileType = image.png; path = "flipped_content_sound@2x.png"; sourceTree = "<group>"; };
		FBB917791F1254DA000C7353 /* logo.png */ = {isa = PBXFileReference; lastKnownFileType = image.png; path = logo.png; sourceTree = "<group>"; };
		FBB9177A1F1254DA000C7353 /* post_add.png */ = {isa = PBXFileReference; lastKnownFileType = image.png; path = post_add.png; sourceTree = "<group>"; };
		FBB9177B1F1254DA000C7353 /* WechatIMG9.png */ = {isa = PBXFileReference; lastKnownFileType = image.png; path = WechatIMG9.png; sourceTree = "<group>"; };
		FBBA70631F24E34600CADD08 /* UILabel+ChangeLineSpaceAndWordSpace.h */ = {isa = PBXFileReference; lastKnownFileType = sourcecode.c.h; path = "UILabel+ChangeLineSpaceAndWordSpace.h"; sourceTree = "<group>"; };
		FBBA70641F24E35400CADD08 /* UILabel+ChangeLineSpaceAndWordSpace.m */ = {isa = PBXFileReference; fileEncoding = 4; lastKnownFileType = sourcecode.c.objc; path = "UILabel+ChangeLineSpaceAndWordSpace.m"; sourceTree = "<group>"; };
		FBCD22271F1A0F6C00D8B718 /* NSString+MD5.h */ = {isa = PBXFileReference; lastKnownFileType = sourcecode.c.h; path = "NSString+MD5.h"; sourceTree = "<group>"; };
		FBCD22281F1A0F8100D8B718 /* NSString+MD5.m */ = {isa = PBXFileReference; fileEncoding = 4; lastKnownFileType = sourcecode.c.objc; path = "NSString+MD5.m"; sourceTree = "<group>"; };
		FBCD222A1F1A21E200D8B718 /* NSString+Base64.h */ = {isa = PBXFileReference; lastKnownFileType = sourcecode.c.h; path = "NSString+Base64.h"; sourceTree = "<group>"; };
		FBCD222B1F1A21EB00D8B718 /* NSString+Base64.m */ = {isa = PBXFileReference; fileEncoding = 4; lastKnownFileType = sourcecode.c.objc; path = "NSString+Base64.m"; sourceTree = "<group>"; };
		FBCD222E1F1A5A1600D8B718 /* FLAFHTTPSessionManager.h */ = {isa = PBXFileReference; lastKnownFileType = sourcecode.c.h; path = FLAFHTTPSessionManager.h; sourceTree = "<group>"; };
		FBCD222F1F1A5A2400D8B718 /* FLAFHTTPSessionManager.m */ = {isa = PBXFileReference; fileEncoding = 4; lastKnownFileType = sourcecode.c.objc; path = FLAFHTTPSessionManager.m; sourceTree = "<group>"; };
		FBD8FE1D1F5CEADE008BB33A /* AssetsLibrary.framework */ = {isa = PBXFileReference; lastKnownFileType = wrapper.framework; name = AssetsLibrary.framework; path = System/Library/Frameworks/AssetsLibrary.framework; sourceTree = SDKROOT; };
		FBD938AE1F1E29E600900842 /* flipped_post_add_pic@2x.png */ = {isa = PBXFileReference; lastKnownFileType = image.png; path = "flipped_post_add_pic@2x.png"; sourceTree = "<group>"; };
		FBD938B01F1E305E00900842 /* FLCloudService.h */ = {isa = PBXFileReference; lastKnownFileType = sourcecode.c.h; path = FLCloudService.h; sourceTree = "<group>"; };
		FBD938B11F1E306A00900842 /* FLCloudService.m */ = {isa = PBXFileReference; fileEncoding = 4; lastKnownFileType = sourcecode.c.objc; path = FLCloudService.m; sourceTree = "<group>"; };
		FBD938B31F1F586600900842 /* FLUserInfoManager.h */ = {isa = PBXFileReference; lastKnownFileType = sourcecode.c.h; path = FLUserInfoManager.h; sourceTree = "<group>"; };
		FBD938B41F1F587200900842 /* FLUserInfoManager.m */ = {isa = PBXFileReference; fileEncoding = 4; lastKnownFileType = sourcecode.c.objc; path = FLUserInfoManager.m; sourceTree = "<group>"; };
		FBD938BC1F1F9DB100900842 /* libz.tbd */ = {isa = PBXFileReference; lastKnownFileType = "sourcecode.text-based-dylib-definition"; name = libz.tbd; path = usr/lib/libz.tbd; sourceTree = SDKROOT; };
		FBD938C01F1F9DC000900842 /* Security.framework */ = {isa = PBXFileReference; lastKnownFileType = wrapper.framework; name = Security.framework; path = System/Library/Frameworks/Security.framework; sourceTree = SDKROOT; };
		FBD938C21F1F9DC800900842 /* CFNetwork.framework */ = {isa = PBXFileReference; lastKnownFileType = wrapper.framework; name = CFNetwork.framework; path = System/Library/Frameworks/CFNetwork.framework; sourceTree = SDKROOT; };
		FBD938C41F1F9DCE00900842 /* SystemConfiguration.framework */ = {isa = PBXFileReference; lastKnownFileType = wrapper.framework; name = SystemConfiguration.framework; path = System/Library/Frameworks/SystemConfiguration.framework; sourceTree = SDKROOT; };
		FBD938C61F1F9DD400900842 /* CoreTelephony.framework */ = {isa = PBXFileReference; lastKnownFileType = wrapper.framework; name = CoreTelephony.framework; path = System/Library/Frameworks/CoreTelephony.framework; sourceTree = SDKROOT; };
		FBD938C81F1FA33900900842 /* flipped_pic_default.png */ = {isa = PBXFileReference; lastKnownFileType = image.png; path = flipped_pic_default.png; sourceTree = "<group>"; };
		FBD938CC1F248B3E00900842 /* FLHelpViewController.h */ = {isa = PBXFileReference; lastKnownFileType = sourcecode.c.h; path = FLHelpViewController.h; sourceTree = "<group>"; };
		FBD938CD1F248B4A00900842 /* FLHelpViewController.m */ = {isa = PBXFileReference; fileEncoding = 4; lastKnownFileType = sourcecode.c.objc; path = FLHelpViewController.m; sourceTree = "<group>"; };
		FBD938CF1F248BFE00900842 /* FLHelpService.h */ = {isa = PBXFileReference; lastKnownFileType = sourcecode.c.h; path = FLHelpService.h; sourceTree = "<group>"; };
		FBD938D01F248C0700900842 /* FLHelpService.m */ = {isa = PBXFileReference; fileEncoding = 4; lastKnownFileType = sourcecode.c.objc; path = FLHelpService.m; sourceTree = "<group>"; };
		FBD938D21F2491DA00900842 /* FLNewMineViewController.h */ = {isa = PBXFileReference; lastKnownFileType = sourcecode.c.h; path = FLNewMineViewController.h; sourceTree = "<group>"; };
		FBD938D31F2491E200900842 /* FLNewMineViewController.m */ = {isa = PBXFileReference; fileEncoding = 4; lastKnownFileType = sourcecode.c.objc; path = FLNewMineViewController.m; sourceTree = "<group>"; };
		FBD938D51F24956D00900842 /* UIColor+HexColor.h */ = {isa = PBXFileReference; fileEncoding = 4; lastKnownFileType = sourcecode.c.h; path = "UIColor+HexColor.h"; sourceTree = "<group>"; };
		FBD938D61F24956D00900842 /* UIColor+HexColor.m */ = {isa = PBXFileReference; fileEncoding = 4; lastKnownFileType = sourcecode.c.objc; path = "UIColor+HexColor.m"; sourceTree = "<group>"; };
		FBD938DA1F249E0300900842 /* FLFeedbackViewController.h */ = {isa = PBXFileReference; lastKnownFileType = sourcecode.c.h; path = FLFeedbackViewController.h; sourceTree = "<group>"; };
		FBD938DB1F249E0C00900842 /* FLFeedbackViewController.m */ = {isa = PBXFileReference; fileEncoding = 4; lastKnownFileType = sourcecode.c.objc; path = FLFeedbackViewController.m; sourceTree = "<group>"; };
		FBD938DD1F24A19F00900842 /* FLFeedbackService.h */ = {isa = PBXFileReference; lastKnownFileType = sourcecode.c.h; path = FLFeedbackService.h; sourceTree = "<group>"; };
		FBD938DE1F24A1A700900842 /* FLFeedbackService.m */ = {isa = PBXFileReference; fileEncoding = 4; lastKnownFileType = sourcecode.c.objc; path = FLFeedbackService.m; sourceTree = "<group>"; };
		FBE0D77B1F19C785006D6C47 /* FLFlippedListViewController.h */ = {isa = PBXFileReference; lastKnownFileType = sourcecode.c.h; path = FLFlippedListViewController.h; sourceTree = "<group>"; };
		FBE0D77C1F19C792006D6C47 /* FLFlippedListViewController.m */ = {isa = PBXFileReference; fileEncoding = 4; lastKnownFileType = sourcecode.c.objc; path = FLFlippedListViewController.m; sourceTree = "<group>"; };
		FBE0D77E1F19F12B006D6C47 /* FLBaseService.h */ = {isa = PBXFileReference; lastKnownFileType = sourcecode.c.h; path = FLBaseService.h; sourceTree = "<group>"; };
		FBE0D77F1F19F135006D6C47 /* FLBaseService.m */ = {isa = PBXFileReference; fileEncoding = 4; lastKnownFileType = sourcecode.c.objc; path = FLBaseService.m; sourceTree = "<group>"; };
		FBE0D7811F19F270006D6C47 /* FLUserService.h */ = {isa = PBXFileReference; lastKnownFileType = sourcecode.c.h; path = FLUserService.h; sourceTree = "<group>"; };
		FBE0D7821F19F279006D6C47 /* FLUserService.m */ = {isa = PBXFileReference; fileEncoding = 4; lastKnownFileType = sourcecode.c.objc; path = FLUserService.m; sourceTree = "<group>"; };
/* End PBXFileReference section */

/* Begin PBXFrameworksBuildPhase section */
		45D272081F0B343E00AF180E /* Frameworks */ = {
			isa = PBXFrameworksBuildPhase;
			buildActionMask = 2147483647;
			files = (
				FBD8FE1E1F5CEADE008BB33A /* AssetsLibrary.framework in Frameworks */,
				FB6E90D51F5309850050BA96 /* libstdc++.6.tbd in Frameworks */,
				FB6E90D31F53097D0050BA96 /* libc++.tbd in Frameworks */,
				45471A5F1F5EB08E009E1DED /* ImSDK.framework in Frameworks */,
				FB6E90D11F5309750050BA96 /* libbz2.tbd in Frameworks */,
				FBD938BD1F1F9DB200900842 /* libz.tbd in Frameworks */,
				FB6E90CF1F5309630050BA96 /* libiconv.tbd in Frameworks */,
				FB6E90CD1F53095C0050BA96 /* libresolv.tbd in Frameworks */,
				FB6E90CB1F5309520050BA96 /* libsqlite3.0.tbd in Frameworks */,
				FB6E90C91F5309450050BA96 /* libprotobuf.tbd in Frameworks */,
				FB6E90C71F5309390050BA96 /* CoreGraphics.framework in Frameworks */,
				FB6E90C51F5309310050BA96 /* CoreMedia.framework in Frameworks */,
				45471A5E1F5EB08E009E1DED /* IMCore.framework in Frameworks */,
				45471A601F5EB08E009E1DED /* IMSDKBugly.framework in Frameworks */,
				FBD938C51F1F9DCE00900842 /* SystemConfiguration.framework in Frameworks */,
				FB6E90C31F5309230050BA96 /* Accelerate.framework in Frameworks */,
				45471A5C1F5EB08E009E1DED /* xplatform.framework in Frameworks */,
				FB6E90C11F53091B0050BA96 /* VideoToolbox.framework in Frameworks */,
				FB6E90BF1F5309110050BA96 /* CoreVideo.framework in Frameworks */,
				FB6E90BD1F5309030050BA96 /* AVFoundation.framework in Frameworks */,
				FB6E90BB1F5308F90050BA96 /* Foundation.framework in Frameworks */,
				45471A611F5EB08E009E1DED /* QALSDK.framework in Frameworks */,
				45471A5D1F5EB08E009E1DED /* ILiveSDK.framework in Frameworks */,
				FB6E90B91F5308ED0050BA96 /* UIKit.framework in Frameworks */,
				FBD938C71F1F9DD400900842 /* CoreTelephony.framework in Frameworks */,
				FB8118091F4924630045202B /* libWeChatSDK.a in Frameworks */,
				FBD938C31F1F9DC800900842 /* CFNetwork.framework in Frameworks */,
				45471A5B1F5EB08E009E1DED /* QAVSDK.framework in Frameworks */,
				45471A621F5EB08E009E1DED /* TLSSDK.framework in Frameworks */,
				FBD938C11F1F9DC000900842 /* Security.framework in Frameworks */,
				45471A631F5EB08E009E1DED /* TILCallSDK.framework in Frameworks */,
				FB8117AD1F44940A0045202B /* libmtasdk.a in Frameworks */,
				583FCBD6E2C5D728117751C6 /* libPods-Flipped.a in Frameworks */,
			);
			runOnlyForDeploymentPostprocessing = 0;
		};
/* End PBXFrameworksBuildPhase section */

/* Begin PBXGroup section */
		45471A501F5EB08E009E1DED /* AVSDK */ = {
			isa = PBXGroup;
			children = (
				45471A511F5EB08E009E1DED /* QAVSDK.framework */,
				45471A521F5EB08E009E1DED /* xplatform.framework */,
			);
			path = AVSDK;
			sourceTree = "<group>";
		};
		45471A541F5EB08E009E1DED /* IMSDK */ = {
			isa = PBXGroup;
			children = (
				45471A551F5EB08E009E1DED /* IMCore.framework */,
				45471A561F5EB08E009E1DED /* ImSDK.framework */,
				45471A571F5EB08E009E1DED /* IMSDKBugly.framework */,
				45471A581F5EB08E009E1DED /* QALSDK.framework */,
				45471A591F5EB08E009E1DED /* TLSSDK.framework */,
			);
			path = IMSDK;
			sourceTree = "<group>";
		};
		457195281F0C903400671634 /* Services */ = {
			isa = PBXGroup;
			children = (
				FBE0D77E1F19F12B006D6C47 /* FLBaseService.h */,
				FBE0D77F1F19F135006D6C47 /* FLBaseService.m */,
				457195291F0C906900671634 /* FLFlippedWordsService.h */,
				4571952A1F0C907300671634 /* FLFlippedWordsService.m */,
				FBE0D7811F19F270006D6C47 /* FLUserService.h */,
				FBE0D7821F19F279006D6C47 /* FLUserService.m */,
				FBD938B01F1E305E00900842 /* FLCloudService.h */,
				FBD938B11F1E306A00900842 /* FLCloudService.m */,
				FBD938CF1F248BFE00900842 /* FLHelpService.h */,
				FBD938D01F248C0700900842 /* FLHelpService.m */,
				FBD938DD1F24A19F00900842 /* FLFeedbackService.h */,
				FBD938DE1F24A1A700900842 /* FLFeedbackService.m */,
				FB0715171F306C4B00F5B0CA /* FLCommService.h */,
				FB0715181F306C5300F5B0CA /* FLCommService.m */,
				FB0366431F5D8F2400B0545F /* FLVideoService.h */,
				FB0366441F5D8F2C00B0545F /* FLVideoService.m */,
				45471A641F5EB1BB009E1DED /* FLFlippedCallsService.h */,
				45471A651F5EB1C3009E1DED /* FLFlippedCallsService.m */,
			);
			path = Services;
			sourceTree = "<group>";
		};
		45D272021F0B343E00AF180E = {
			isa = PBXGroup;
			children = (
				45D2720D1F0B343E00AF180E /* Flipped */,
				FBD8FE4A1F5CECB2008BB33A /* Frameworks */,
				45D2720C1F0B343E00AF180E /* Products */,
				7FA5BF810DC2AD5D3BA783A1 /* Pods */,
				9A1F3DF625175D85E4F4E9C4 /* SystemLibrarys */,
			);
			sourceTree = "<group>";
		};
		45D2720C1F0B343E00AF180E /* Products */ = {
			isa = PBXGroup;
			children = (
				45D2720B1F0B343E00AF180E /* Flipped.app */,
			);
			name = Products;
			sourceTree = "<group>";
		};
		45D2720D1F0B343E00AF180E /* Flipped */ = {
			isa = PBXGroup;
			children = (
				FB6173911F1112D0009649E2 /* Bundle */,
				457195281F0C903400671634 /* Services */,
				FBCD22261F1A0F5700D8B718 /* Utils */,
				FB2EC86F1F3212B300238756 /* Html */,
				45D272261F0B34D500AF180E /* Resources */,
				FB81179E1F44940A0045202B /* SecondLib */,
				45D272111F0B343E00AF180E /* AppDelegate.h */,
				45D272121F0B343E00AF180E /* AppDelegate.m */,
				45D2721A1F0B343E00AF180E /* Assets.xcassets */,
				45D2721F1F0B343E00AF180E /* Info.plist */,
				FB0366581F5D9E6900B0545F /* Main.storyboard */,
				45D2720E1F0B343E00AF180E /* Supporting Files */,
			);
			path = Flipped;
			sourceTree = "<group>";
		};
		45D2720E1F0B343E00AF180E /* Supporting Files */ = {
			isa = PBXGroup;
			children = (
				45D2720F1F0B343E00AF180E /* main.m */,
				FB0366421F5D88D300B0545F /* Flipped.pch */,
			);
			name = "Supporting Files";
			sourceTree = "<group>";
		};
		45D272261F0B34D500AF180E /* Resources */ = {
			isa = PBXGroup;
			children = (
				FB81180A1F5161730045202B /* flipped_splash_button@3x.png */,
				FB81180B1F5161730045202B /* flipped_splash0@3x.png */,
				FB81180C1F5161730045202B /* flipped_splash1@3x.png */,
				FB81180D1F5161730045202B /* flipped_splash2@3x.png */,
				FB8117711F3F555B0045202B /* flipped_splash0@2x.png */,
				FB8117721F3F555B0045202B /* flipped_splash1@2x.png */,
				FB8117731F3F555B0045202B /* flipped_splash2@2x.png */,
				FB0715151F3069BD00F5B0CA /* flipped_detail_more@2x.png */,
				FBD938C81F1FA33900900842 /* flipped_pic_default.png */,
				FBD938AE1F1E29E600900842 /* flipped_post_add_pic@2x.png */,
				FBB917761F1254DA000C7353 /* flipped_content_pic@2x.png */,
				FBB917771F1254DA000C7353 /* flipped_content_video@2x.png */,
				FBB917781F1254DA000C7353 /* flipped_content_sound@2x.png */,
				FBB917791F1254DA000C7353 /* logo.png */,
				FBB9177A1F1254DA000C7353 /* post_add.png */,
				FBB9177B1F1254DA000C7353 /* WechatIMG9.png */,
				45D272401F0B43BC00AF180E /* Comm */,
			);
			path = Resources;
			sourceTree = "<group>";
		};
		45D272401F0B43BC00AF180E /* Comm */ = {
			isa = PBXGroup;
			children = (
				45D272411F0B43BC00AF180E /* comm_tab_mine@2x.png */,
				45D272421F0B43BC00AF180E /* comm_tab_mine_selected@2x.png */,
				45D272431F0B43BC00AF180E /* comm_tab_square@2x.png */,
				45D272441F0B43BC00AF180E /* comm_tab_square_selected@2x.png */,
			);
			path = Comm;
			sourceTree = "<group>";
		};
		45F1C8BB1F1F2A2300A3B74C /* Detail */ = {
			isa = PBXGroup;
			children = (
				45F1C8BC1F1F2A2300A3B74C /* Views */,
			);
			name = Detail;
			path = Square/Detail;
			sourceTree = "<group>";
		};
		45F1C8BC1F1F2A2300A3B74C /* Views */ = {
			isa = PBXGroup;
			children = (
				45F1C8BD1F1F2A5800A3B74C /* FLFlippedDetailViewController.h */,
				45F1C8BE1F1F2A6100A3B74C /* FLFlippedDetailViewController.m */,
				FB07151D1F30A6BE00F5B0CA /* FLCommentCell.h */,
				FB07151E1F30A6C800F5B0CA /* FLCommentCell.m */,
			);
			path = Views;
			sourceTree = "<group>";
		};
		7FA5BF810DC2AD5D3BA783A1 /* Pods */ = {
			isa = PBXGroup;
			children = (
				7BA26D2BB5C6386B31F8E1A5 /* Pods-Flipped.debug.xcconfig */,
				7CA5465F4BAB318854577797 /* Pods-Flipped.release.xcconfig */,
			);
			name = Pods;
			sourceTree = "<group>";
		};
		9A1F3DF625175D85E4F4E9C4 /* SystemLibrarys */ = {
			isa = PBXGroup;
			children = (
				FBD8FE1D1F5CEADE008BB33A /* AssetsLibrary.framework */,
				FB6E90D41F5309850050BA96 /* libstdc++.6.tbd */,
				FB6E90D21F53097D0050BA96 /* libc++.tbd */,
				FB6E90D01F5309750050BA96 /* libbz2.tbd */,
				FB6E90CE1F5309630050BA96 /* libiconv.tbd */,
				FB6E90CC1F53095C0050BA96 /* libresolv.tbd */,
				FB6E90CA1F5309520050BA96 /* libsqlite3.0.tbd */,
				FB6E90C81F5309450050BA96 /* libprotobuf.tbd */,
				FBD938BC1F1F9DB100900842 /* libz.tbd */,
				FB6E90C61F5309390050BA96 /* CoreGraphics.framework */,
				FB6E90C41F5309310050BA96 /* CoreMedia.framework */,
				FB6E90C21F5309230050BA96 /* Accelerate.framework */,
				FB6E90C01F53091B0050BA96 /* VideoToolbox.framework */,
				FB6E90BE1F5309110050BA96 /* CoreVideo.framework */,
				FB6E90BC1F5309030050BA96 /* AVFoundation.framework */,
				FB6E90BA1F5308F90050BA96 /* Foundation.framework */,
				FB6E90B81F5308ED0050BA96 /* UIKit.framework */,
				FBD938C61F1F9DD400900842 /* CoreTelephony.framework */,
				FBD938C41F1F9DCE00900842 /* SystemConfiguration.framework */,
				FBD938C21F1F9DC800900842 /* CFNetwork.framework */,
				FBD938C01F1F9DC000900842 /* Security.framework */,
				A6CB62EA12AEAE674DF275B1 /* libPods-Flipped.a */,
			);
			name = SystemLibrarys;
			sourceTree = "<group>";
		};
		FB2EC86F1F3212B300238756 /* Html */ = {
			isa = PBXGroup;
			children = (
				FB2EC8721F32CB2200238756 /* d.html */,
			);
			path = Html;
			sourceTree = "<group>";
		};
		FB6173911F1112D0009649E2 /* Bundle */ = {
			isa = PBXGroup;
			children = (
				FB8118121F5167690045202B /* Category */,
				FB8117DF1F4924050045202B /* CPShare */,
				FB8117C61F47535A0045202B /* Video */,
				FB6173931F1112D0009649E2 /* Models */,
				FB6173921F1112D0009649E2 /* Comm */,
				FB61739B1F1112D0009649E2 /* Login */,
				FB61739F1F1112D0009649E2 /* Mine */,
				FB6173A31F1112D0009649E2 /* Post */,
				FB6173A71F1112D0009649E2 /* Square */,
				45F1C8BB1F1F2A2300A3B74C /* Detail */,
				FBD938D81F249DE100900842 /* Feedback */,
				FBD938CA1F248B2B00900842 /* Help */,
			);
			path = Bundle;
			sourceTree = "<group>";
		};
		FB6173921F1112D0009649E2 /* Comm */ = {
			isa = PBXGroup;
			children = (
				FBCD222D1F1A5A0900D8B718 /* Network */,
				FB6173961F1112D0009649E2 /* Others */,
				FB6173981F1112D0009649E2 /* Views */,
			);
			path = Comm;
			sourceTree = "<group>";
		};
		FB6173931F1112D0009649E2 /* Models */ = {
			isa = PBXGroup;
			children = (
				FB6173941F1112D0009649E2 /* FLFlippedWord.h */,
				FB6173951F1112D0009649E2 /* FLFlippedWord.m */,
				FB6173B11F11145C009649E2 /* FLContent.h */,
				FB6173B21F11146A009649E2 /* FLContent.m */,
				FB0715121F3064B800F5B0CA /* FLLink.h */,
				FB0715131F3064C000F5B0CA /* FLLink.m */,
				FB07151A1F30A42A00F5B0CA /* FLComment.h */,
				FB07151B1F30A43500F5B0CA /* FLComment.m */,
			);
			name = Models;
			path = Comm/Models;
			sourceTree = "<group>";
		};
		FB6173961F1112D0009649E2 /* Others */ = {
			isa = PBXGroup;
			children = (
				FBD938B31F1F586600900842 /* FLUserInfoManager.h */,
				FBD938B41F1F587200900842 /* FLUserInfoManager.m */,
			);
			path = Others;
			sourceTree = "<group>";
		};
		FB6173981F1112D0009649E2 /* Views */ = {
			isa = PBXGroup;
			children = (
				FB6173991F1112D0009649E2 /* FLBaseViewController.h */,
				FB61739A1F1112D0009649E2 /* FLBaseViewController.m */,
				FBE0D77B1F19C785006D6C47 /* FLFlippedListViewController.h */,
				FBE0D77C1F19C792006D6C47 /* FLFlippedListViewController.m */,
				FBB917731F1252B9000C7353 /* FLFlippedWordCell.h */,
				FBB917741F1252C5000C7353 /* FLFlippedWordCell.m */,
				FB0715031F305CA000F5B0CA /* FLCopyLabel.h */,
				FB0715041F305CAD00F5B0CA /* FLCopyLabel.m */,
			);
			path = Views;
			sourceTree = "<group>";
		};
		FB61739B1F1112D0009649E2 /* Login */ = {
			isa = PBXGroup;
			children = (
				FB61739C1F1112D0009649E2 /* Views */,
			);
			path = Login;
			sourceTree = "<group>";
		};
		FB61739C1F1112D0009649E2 /* Views */ = {
			isa = PBXGroup;
			children = (
				FB61739D1F1112D0009649E2 /* FLLoginViewController.h */,
				FB61739E1F1112D0009649E2 /* FLLoginViewController.m */,
			);
			path = Views;
			sourceTree = "<group>";
		};
		FB61739F1F1112D0009649E2 /* Mine */ = {
			isa = PBXGroup;
			children = (
				FB6173A01F1112D0009649E2 /* Views */,
			);
			path = Mine;
			sourceTree = "<group>";
		};
		FB6173A01F1112D0009649E2 /* Views */ = {
			isa = PBXGroup;
			children = (
				FB6173A11F1112D0009649E2 /* FLMineViewController.h */,
				FB6173A21F1112D0009649E2 /* FLMineViewController.m */,
				FBD938D21F2491DA00900842 /* FLNewMineViewController.h */,
				FBD938D31F2491E200900842 /* FLNewMineViewController.m */,
			);
			path = Views;
			sourceTree = "<group>";
		};
		FB6173A31F1112D0009649E2 /* Post */ = {
			isa = PBXGroup;
			children = (
				FB6173A41F1112D0009649E2 /* Views */,
			);
			path = Post;
			sourceTree = "<group>";
		};
		FB6173A41F1112D0009649E2 /* Views */ = {
			isa = PBXGroup;
			children = (
				FB6173A51F1112D0009649E2 /* FLPostViewController.h */,
				FB6173A61F1112D0009649E2 /* FLPostViewController.m */,
			);
			path = Views;
			sourceTree = "<group>";
		};
		FB6173A71F1112D0009649E2 /* Square */ = {
			isa = PBXGroup;
			children = (
				FB6173A81F1112D0009649E2 /* Views */,
			);
			path = Square;
			sourceTree = "<group>";
		};
		FB6173A81F1112D0009649E2 /* Views */ = {
			isa = PBXGroup;
			children = (
				FB6173A91F1112D0009649E2 /* FLSquareViewController.h */,
				FB6173AA1F1112D0009649E2 /* FLSquareViewController.m */,
			);
			path = Views;
			sourceTree = "<group>";
		};
		FB81179E1F44940A0045202B /* SecondLib */ = {
			isa = PBXGroup;
			children = (
				FB8118051F4924630045202B /* WXSDK */,
				FB81179F1F44940A0045202B /* MTA */,
				FB8117A31F44940A0045202B /* QQPopMenuView */,
			);
			path = SecondLib;
			sourceTree = "<group>";
		};
		FB81179F1F44940A0045202B /* MTA */ = {
			isa = PBXGroup;
			children = (
				FB8117A01F44940A0045202B /* libmtasdk.a */,
				FB8117A11F44940A0045202B /* MTA.h */,
				FB8117A21F44940A0045202B /* MTAConfig.h */,
			);
			path = MTA;
			sourceTree = "<group>";
		};
		FB8117A31F44940A0045202B /* QQPopMenuView */ = {
			isa = PBXGroup;
			children = (
				FB8117A41F44940A0045202B /* PopMenuTableViewCell.h */,
				FB8117A51F44940A0045202B /* PopMenuTableViewCell.m */,
				FB8117A61F44940A0045202B /* PopMenuTableViewCell.xib */,
				FB8117A71F44940A0045202B /* QQPopMenuView.h */,
				FB8117A81F44940A0045202B /* QQPopMenuView.m */,
			);
			path = QQPopMenuView;
			sourceTree = "<group>";
		};
		FB8117C61F47535A0045202B /* Video */ = {
			isa = PBXGroup;
			children = (
				FB8117C71F4753680045202B /* Views */,
				FB0366491F5D93E700B0545F /* FLVideoHelper.h */,
				FB03664A1F5D93F300B0545F /* FLVideoHelper.m */,
			);
			path = Video;
			sourceTree = "<group>";
		};
		FB8117C71F4753680045202B /* Views */ = {
			isa = PBXGroup;
			children = (
				FB8117C81F47537B0045202B /* FLVideoMainViewController.h */,
				FB8117C91F4753840045202B /* FLVideoMainViewController.m */,
				FB0366521F5D9E0100B0545F /* CallC2CMakeViewController.h */,
				FB0366531F5D9E0100B0545F /* CallC2CMakeViewController.m */,
				FB0366541F5D9E0100B0545F /* CallC2CRecvViewController.h */,
				FB0366551F5D9E0100B0545F /* CallC2CRecvViewController.m */,
			);
			path = Views;
			sourceTree = "<group>";
		};
		FB8117DF1F4924050045202B /* CPShare */ = {
			isa = PBXGroup;
			children = (
				FB8117E01F4924050045202B /* CPShareEntity.h */,
				FB8117E11F4924050045202B /* CPShareEntity.m */,
				FB8117E21F4924050045202B /* CPShareManager.h */,
				FB8117E31F4924050045202B /* CPShareManager.m */,
				FB8117E41F4924050045202B /* CPShareView.h */,
				FB8117E51F4924050045202B /* CPShareView.m */,
				FB8117E61F4924050045202B /* CPShareViewCell.h */,
				FB8117E71F4924050045202B /* CPShareViewCell.m */,
				FB8117E81F4924050045202B /* resources */,
			);
			path = CPShare;
			sourceTree = "<group>";
		};
		FB8117E81F4924050045202B /* resources */ = {
			isa = PBXGroup;
			children = (
				FB8117E91F4924050045202B /* CPDiscovery_sharem_cancel_follow@2x.png */,
				FB8117EA1F4924050045202B /* CPDiscovery_sharem_delete@2x.png */,
				FB8117EB1F4924050045202B /* CPDiscovery_sharem_edit@2x.png */,
				FB8117EC1F4924050045202B /* CPDiscovery_sharem_follow@2x.png */,
				FB8117ED1F4924050045202B /* CPDiscovery_sharem_friends_network@2x.png */,
				FB8117EE1F4924050045202B /* CPDiscovery_sharem_qq@2x.png */,
				FB8117EF1F4924050045202B /* CPDiscovery_sharem_report@2x.png */,
				FB8117F01F4924050045202B /* CPDiscovery_sharem_team@2x.png */,
				FB8117F11F4924050045202B /* CPDiscovery_sharem_team_info@2x.png */,
				FB8117F21F4924050045202B /* CPDiscovery_sharem_tweet@2x.png */,
				FB8117F31F4924050045202B /* CPDiscovery_sharem_wx@2x.png */,
				FB8117F41F4924050045202B /* CPDiscovery_sharem_zone@2x.png */,
			);
			path = resources;
			sourceTree = "<group>";
		};
		FB8118051F4924630045202B /* WXSDK */ = {
			isa = PBXGroup;
			children = (
				FB8118061F4924630045202B /* libWeChatSDK.a */,
				FB8118071F4924630045202B /* WXApi.h */,
				FB8118081F4924630045202B /* WXApiObject.h */,
			);
			path = WXSDK;
			sourceTree = "<group>";
		};
		FB8118121F5167690045202B /* Category */ = {
			isa = PBXGroup;
			children = (
				FB8118131F5167690045202B /* UIImage+scaleImage.h */,
				FB8118141F5167690045202B /* UIImage+scaleImage.m */,
			);
			path = Category;
			sourceTree = "<group>";
		};
		FBCD22261F1A0F5700D8B718 /* Utils */ = {
			isa = PBXGroup;
			children = (
				FBD938D51F24956D00900842 /* UIColor+HexColor.h */,
				FBD938D61F24956D00900842 /* UIColor+HexColor.m */,
				FBCD22271F1A0F6C00D8B718 /* NSString+MD5.h */,
				FBCD22281F1A0F8100D8B718 /* NSString+MD5.m */,
				FBCD222A1F1A21E200D8B718 /* NSString+Base64.h */,
				FBCD222B1F1A21EB00D8B718 /* NSString+Base64.m */,
				FB7CF6D41F1BA83600CD9F5C /* FLToast.h */,
				FB7CF6D51F1BA84200CD9F5C /* FLToast.m */,
				FBBA70631F24E34600CADD08 /* UILabel+ChangeLineSpaceAndWordSpace.h */,
				FBBA70641F24E35400CADD08 /* UILabel+ChangeLineSpaceAndWordSpace.m */,
				FB4942A31F264F3E005BCD9C /* FLStringUtils.h */,
				FB4942A41F264F48005BCD9C /* FLStringUtils.m */,
			);
			path = Utils;
			sourceTree = "<group>";
		};
		FBCD222D1F1A5A0900D8B718 /* Network */ = {
			isa = PBXGroup;
			children = (
				FBCD222E1F1A5A1600D8B718 /* FLAFHTTPSessionManager.h */,
				FBCD222F1F1A5A2400D8B718 /* FLAFHTTPSessionManager.m */,
			);
			path = Network;
			sourceTree = "<group>";
		};
		FBD8FE4A1F5CECB2008BB33A /* Frameworks */ = {
			isa = PBXGroup;
			children = (
				45471A501F5EB08E009E1DED /* AVSDK */,
				45471A541F5EB08E009E1DED /* IMSDK */,
				45471A531F5EB08E009E1DED /* ILiveSDK.framework */,
				45471A5A1F5EB08E009E1DED /* TILCallSDK.framework */,
			);
			path = Frameworks;
			sourceTree = "<group>";
		};
		FBD938CA1F248B2B00900842 /* Help */ = {
			isa = PBXGroup;
			children = (
				FBD938CB1F248B2B00900842 /* Views */,
			);
			path = Help;
			sourceTree = "<group>";
		};
		FBD938CB1F248B2B00900842 /* Views */ = {
			isa = PBXGroup;
			children = (
				FBD938CC1F248B3E00900842 /* FLHelpViewController.h */,
				FBD938CD1F248B4A00900842 /* FLHelpViewController.m */,
				FB8117681F3F4F8D0045202B /* FLSplashViewController.h */,
				FB8117691F3F4F950045202B /* FLSplashViewController.m */,
			);
			path = Views;
			sourceTree = "<group>";
		};
		FBD938D81F249DE100900842 /* Feedback */ = {
			isa = PBXGroup;
			children = (
				FBD938D91F249DE100900842 /* Views */,
			);
			path = Feedback;
			sourceTree = "<group>";
		};
		FBD938D91F249DE100900842 /* Views */ = {
			isa = PBXGroup;
			children = (
				FBD938DA1F249E0300900842 /* FLFeedbackViewController.h */,
				FBD938DB1F249E0C00900842 /* FLFeedbackViewController.m */,
			);
			path = Views;
			sourceTree = "<group>";
		};
/* End PBXGroup section */

/* Begin PBXNativeTarget section */
		45D2720A1F0B343E00AF180E /* Flipped */ = {
			isa = PBXNativeTarget;
			buildConfigurationList = 45D272221F0B343E00AF180E /* Build configuration list for PBXNativeTarget "Flipped" */;
			buildPhases = (
				64D7742A9A5C6E0CB3595F31 /* [CP] Check Pods Manifest.lock */,
				45D272071F0B343E00AF180E /* Sources */,
				45D272081F0B343E00AF180E /* Frameworks */,
				45D272091F0B343E00AF180E /* Resources */,
				59ABA2A1D7B76B2EE9E94848 /* [CP] Embed Pods Frameworks */,
				8B75BD1FAA80B8A0E5DA556B /* [CP] Copy Pods Resources */,
			);
			buildRules = (
			);
			dependencies = (
			);
			name = Flipped;
			productName = Flipped;
			productReference = 45D2720B1F0B343E00AF180E /* Flipped.app */;
			productType = "com.apple.product-type.application";
		};
/* End PBXNativeTarget section */

/* Begin PBXProject section */
		45D272031F0B343E00AF180E /* Project object */ = {
			isa = PBXProject;
			attributes = {
				LastUpgradeCheck = 0830;
				ORGANIZATIONNAME = junshao;
				TargetAttributes = {
					45D2720A1F0B343E00AF180E = {
						CreatedOnToolsVersion = 8.3;
						DevelopmentTeam = 4A3DYJG93C;
						ProvisioningStyle = Automatic;
					};
				};
			};
			buildConfigurationList = 45D272061F0B343E00AF180E /* Build configuration list for PBXProject "Flipped" */;
			compatibilityVersion = "Xcode 3.2";
			developmentRegion = English;
			hasScannedForEncodings = 0;
			knownRegions = (
				en,
				Base,
			);
			mainGroup = 45D272021F0B343E00AF180E;
			productRefGroup = 45D2720C1F0B343E00AF180E /* Products */;
			projectDirPath = "";
			projectRoot = "";
			targets = (
				45D2720A1F0B343E00AF180E /* Flipped */,
			);
		};
/* End PBXProject section */

/* Begin PBXResourcesBuildPhase section */
		45D272091F0B343E00AF180E /* Resources */ = {
			isa = PBXResourcesBuildPhase;
			buildActionMask = 2147483647;
			files = (
				FBD938AF1F1E29E600900842 /* flipped_post_add_pic@2x.png in Resources */,
				FBB917801F1254DA000C7353 /* post_add.png in Resources */,
				FB8118021F4924050045202B /* CPDiscovery_sharem_tweet@2x.png in Resources */,
				FB81180E1F5161730045202B /* flipped_splash_button@3x.png in Resources */,
				FB8117FF1F4924050045202B /* CPDiscovery_sharem_report@2x.png in Resources */,
				45D272481F0B43BC00AF180E /* comm_tab_square_selected@2x.png in Resources */,
				FBB9177D1F1254DA000C7353 /* flipped_content_video@2x.png in Resources */,
				FBB9177F1F1254DA000C7353 /* logo.png in Resources */,
				FB8117AF1F44940A0045202B /* PopMenuTableViewCell.xib in Resources */,
				FB8118041F4924050045202B /* CPDiscovery_sharem_zone@2x.png in Resources */,
				FB8117FB1F4924050045202B /* CPDiscovery_sharem_edit@2x.png in Resources */,
				FB8118001F4924050045202B /* CPDiscovery_sharem_team@2x.png in Resources */,
				FBD938C91F1FA33900900842 /* flipped_pic_default.png in Resources */,
				FB8118031F4924050045202B /* CPDiscovery_sharem_wx@2x.png in Resources */,
				FBB917811F1254DA000C7353 /* WechatIMG9.png in Resources */,
				FB0366591F5D9E6900B0545F /* Main.storyboard in Resources */,
				FB0715161F3069BD00F5B0CA /* flipped_detail_more@2x.png in Resources */,
				FB8117F91F4924050045202B /* CPDiscovery_sharem_cancel_follow@2x.png in Resources */,
				FB8117FD1F4924050045202B /* CPDiscovery_sharem_friends_network@2x.png in Resources */,
				FB8117FC1F4924050045202B /* CPDiscovery_sharem_follow@2x.png in Resources */,
				FB8118011F4924050045202B /* CPDiscovery_sharem_team_info@2x.png in Resources */,
				FB8117761F3F555B0045202B /* flipped_splash2@2x.png in Resources */,
				FB8117741F3F555B0045202B /* flipped_splash0@2x.png in Resources */,
				FB8117751F3F555B0045202B /* flipped_splash1@2x.png in Resources */,
				FB8118101F5161730045202B /* flipped_splash1@3x.png in Resources */,
				45D2721B1F0B343E00AF180E /* Assets.xcassets in Resources */,
				FB8118111F5161730045202B /* flipped_splash2@3x.png in Resources */,
				FBB9177C1F1254DA000C7353 /* flipped_content_pic@2x.png in Resources */,
				FB81180F1F5161730045202B /* flipped_splash0@3x.png in Resources */,
				FBB9177E1F1254DA000C7353 /* flipped_content_sound@2x.png in Resources */,
				FB8117FE1F4924050045202B /* CPDiscovery_sharem_qq@2x.png in Resources */,
				45D272461F0B43BC00AF180E /* comm_tab_mine_selected@2x.png in Resources */,
				FB2EC8731F32CB2200238756 /* d.html in Resources */,
				45D272471F0B43BC00AF180E /* comm_tab_square@2x.png in Resources */,
				FB8117FA1F4924050045202B /* CPDiscovery_sharem_delete@2x.png in Resources */,
				45D272451F0B43BC00AF180E /* comm_tab_mine@2x.png in Resources */,
			);
			runOnlyForDeploymentPostprocessing = 0;
		};
/* End PBXResourcesBuildPhase section */

/* Begin PBXShellScriptBuildPhase section */
		59ABA2A1D7B76B2EE9E94848 /* [CP] Embed Pods Frameworks */ = {
			isa = PBXShellScriptBuildPhase;
			buildActionMask = 2147483647;
			files = (
			);
			inputPaths = (
			);
			name = "[CP] Embed Pods Frameworks";
			outputPaths = (
			);
			runOnlyForDeploymentPostprocessing = 0;
			shellPath = /bin/sh;
			shellScript = "\"${SRCROOT}/Pods/Target Support Files/Pods-Flipped/Pods-Flipped-frameworks.sh\"\n";
			showEnvVarsInLog = 0;
		};
		64D7742A9A5C6E0CB3595F31 /* [CP] Check Pods Manifest.lock */ = {
			isa = PBXShellScriptBuildPhase;
			buildActionMask = 2147483647;
			files = (
			);
			inputPaths = (
			);
			name = "[CP] Check Pods Manifest.lock";
			outputPaths = (
			);
			runOnlyForDeploymentPostprocessing = 0;
			shellPath = /bin/sh;
			shellScript = "diff \"${PODS_PODFILE_DIR_PATH}/Podfile.lock\" \"${PODS_ROOT}/Manifest.lock\" > /dev/null\nif [ $? != 0 ] ; then\n    # print error to STDERR\n    echo \"error: The sandbox is not in sync with the Podfile.lock. Run 'pod install' or update your CocoaPods installation.\" >&2\n    exit 1\nfi\n";
			showEnvVarsInLog = 0;
		};
		8B75BD1FAA80B8A0E5DA556B /* [CP] Copy Pods Resources */ = {
			isa = PBXShellScriptBuildPhase;
			buildActionMask = 2147483647;
			files = (
			);
			inputPaths = (
			);
			name = "[CP] Copy Pods Resources";
			outputPaths = (
			);
			runOnlyForDeploymentPostprocessing = 0;
			shellPath = /bin/sh;
			shellScript = "\"${SRCROOT}/Pods/Target Support Files/Pods-Flipped/Pods-Flipped-resources.sh\"\n";
			showEnvVarsInLog = 0;
		};
/* End PBXShellScriptBuildPhase section */

/* Begin PBXSourcesBuildPhase section */
		45D272071F0B343E00AF180E /* Sources */ = {
			isa = PBXSourcesBuildPhase;
			buildActionMask = 2147483647;
			files = (
				FBD938D41F2491E200900842 /* FLNewMineViewController.m in Sources */,
				FB0715051F305CAD00F5B0CA /* FLCopyLabel.m in Sources */,
				FBD938DC1F249E0C00900842 /* FLFeedbackViewController.m in Sources */,
				FBBA70651F24E35400CADD08 /* UILabel+ChangeLineSpaceAndWordSpace.m in Sources */,
				FBB917751F1252C5000C7353 /* FLFlippedWordCell.m in Sources */,
				FBD938CE1F248B4A00900842 /* FLHelpViewController.m in Sources */,
				FB6173AF1F1112D0009649E2 /* FLPostViewController.m in Sources */,
				FB6173B01F1112D0009649E2 /* FLSquareViewController.m in Sources */,
				FBD938D11F248C0700900842 /* FLHelpService.m in Sources */,
				FB8117F51F4924050045202B /* CPShareEntity.m in Sources */,
				FB6173AD1F1112D0009649E2 /* FLLoginViewController.m in Sources */,
				FB4942A51F264F48005BCD9C /* FLStringUtils.m in Sources */,
				FB8117F61F4924050045202B /* CPShareManager.m in Sources */,
				FB0366561F5D9E0100B0545F /* CallC2CMakeViewController.m in Sources */,
				FB03664B1F5D93F300B0545F /* FLVideoHelper.m in Sources */,
				FBD938DF1F24A1A700900842 /* FLFeedbackService.m in Sources */,
				FB8117AE1F44940A0045202B /* PopMenuTableViewCell.m in Sources */,
				FB8117F81F4924050045202B /* CPShareViewCell.m in Sources */,
				FBCD222C1F1A21EB00D8B718 /* NSString+Base64.m in Sources */,
				FBE0D7801F19F135006D6C47 /* FLBaseService.m in Sources */,
				FB0715191F306C5300F5B0CA /* FLCommService.m in Sources */,
				FB6173AB1F1112D0009649E2 /* FLFlippedWord.m in Sources */,
				FB0715141F3064C000F5B0CA /* FLLink.m in Sources */,
				FB8117B01F44940A0045202B /* QQPopMenuView.m in Sources */,
				45471A661F5EB1C3009E1DED /* FLFlippedCallsService.m in Sources */,
				4571952B1F0C907300671634 /* FLFlippedWordsService.m in Sources */,
				FB8117F71F4924050045202B /* CPShareView.m in Sources */,
				FBCD22301F1A5A2400D8B718 /* FLAFHTTPSessionManager.m in Sources */,
				45D272131F0B343E00AF180E /* AppDelegate.m in Sources */,
				FBE0D7831F19F279006D6C47 /* FLUserService.m in Sources */,
				FB0366571F5D9E0100B0545F /* CallC2CRecvViewController.m in Sources */,
				45D272101F0B343E00AF180E /* main.m in Sources */,
				FBD938B21F1E306A00900842 /* FLCloudService.m in Sources */,
				FB6173AE1F1112D0009649E2 /* FLMineViewController.m in Sources */,
				45F1C8BF1F1F2A6100A3B74C /* FLFlippedDetailViewController.m in Sources */,
				FB81176A1F3F4F950045202B /* FLSplashViewController.m in Sources */,
				FBE0D77D1F19C792006D6C47 /* FLFlippedListViewController.m in Sources */,
				FB0366451F5D8F2C00B0545F /* FLVideoService.m in Sources */,
				FBCD22291F1A0F8100D8B718 /* NSString+MD5.m in Sources */,
				FB6173AC1F1112D0009649E2 /* FLBaseViewController.m in Sources */,
				FB8117CA1F4753840045202B /* FLVideoMainViewController.m in Sources */,
				FBD938B51F1F587200900842 /* FLUserInfoManager.m in Sources */,
				FBD938D71F24956D00900842 /* UIColor+HexColor.m in Sources */,
				FB07151C1F30A43500F5B0CA /* FLComment.m in Sources */,
				FB6173B31F11146A009649E2 /* FLContent.m in Sources */,
				FB8118151F5167690045202B /* UIImage+scaleImage.m in Sources */,
				FB7CF6D61F1BA84200CD9F5C /* FLToast.m in Sources */,
				FB07151F1F30A6C800F5B0CA /* FLCommentCell.m in Sources */,
			);
			runOnlyForDeploymentPostprocessing = 0;
		};
/* End PBXSourcesBuildPhase section */

/* Begin XCBuildConfiguration section */
		45D272201F0B343E00AF180E /* Debug */ = {
			isa = XCBuildConfiguration;
			buildSettings = {
				ALWAYS_SEARCH_USER_PATHS = NO;
				CLANG_ANALYZER_NONNULL = YES;
				CLANG_ANALYZER_NUMBER_OBJECT_CONVERSION = YES_AGGRESSIVE;
				CLANG_CXX_LANGUAGE_STANDARD = "gnu++0x";
				CLANG_CXX_LIBRARY = "libc++";
				CLANG_ENABLE_MODULES = YES;
				CLANG_ENABLE_OBJC_ARC = YES;
				CLANG_WARN_BOOL_CONVERSION = YES;
				CLANG_WARN_CONSTANT_CONVERSION = YES;
				CLANG_WARN_DIRECT_OBJC_ISA_USAGE = YES_ERROR;
				CLANG_WARN_DOCUMENTATION_COMMENTS = YES;
				CLANG_WARN_EMPTY_BODY = YES;
				CLANG_WARN_ENUM_CONVERSION = YES;
				CLANG_WARN_INFINITE_RECURSION = YES;
				CLANG_WARN_INT_CONVERSION = YES;
				CLANG_WARN_OBJC_ROOT_CLASS = YES_ERROR;
				CLANG_WARN_SUSPICIOUS_MOVE = YES;
				CLANG_WARN_UNREACHABLE_CODE = YES;
				CLANG_WARN__DUPLICATE_METHOD_MATCH = YES;
				"CODE_SIGN_IDENTITY[sdk=iphoneos*]" = "iPhone Developer";
				COPY_PHASE_STRIP = NO;
				DEBUG_INFORMATION_FORMAT = dwarf;
				ENABLE_STRICT_OBJC_MSGSEND = YES;
				ENABLE_TESTABILITY = YES;
				GCC_C_LANGUAGE_STANDARD = gnu99;
				GCC_DYNAMIC_NO_PIC = NO;
				GCC_NO_COMMON_BLOCKS = YES;
				GCC_OPTIMIZATION_LEVEL = 0;
				GCC_PREPROCESSOR_DEFINITIONS = (
					"DEBUG=1",
					"$(inherited)",
				);
				GCC_WARN_64_TO_32_BIT_CONVERSION = YES;
				GCC_WARN_ABOUT_RETURN_TYPE = YES_ERROR;
				GCC_WARN_UNDECLARED_SELECTOR = YES;
				GCC_WARN_UNINITIALIZED_AUTOS = YES_AGGRESSIVE;
				GCC_WARN_UNUSED_FUNCTION = YES;
				GCC_WARN_UNUSED_VARIABLE = YES;
				IPHONEOS_DEPLOYMENT_TARGET = 10.3;
				MTL_ENABLE_DEBUG_INFO = YES;
				ONLY_ACTIVE_ARCH = YES;
				SDKROOT = iphoneos;
				TARGETED_DEVICE_FAMILY = "1,2";
			};
			name = Debug;
		};
		45D272211F0B343E00AF180E /* Release */ = {
			isa = XCBuildConfiguration;
			buildSettings = {
				ALWAYS_SEARCH_USER_PATHS = NO;
				CLANG_ANALYZER_NONNULL = YES;
				CLANG_ANALYZER_NUMBER_OBJECT_CONVERSION = YES_AGGRESSIVE;
				CLANG_CXX_LANGUAGE_STANDARD = "gnu++0x";
				CLANG_CXX_LIBRARY = "libc++";
				CLANG_ENABLE_MODULES = YES;
				CLANG_ENABLE_OBJC_ARC = YES;
				CLANG_WARN_BOOL_CONVERSION = YES;
				CLANG_WARN_CONSTANT_CONVERSION = YES;
				CLANG_WARN_DIRECT_OBJC_ISA_USAGE = YES_ERROR;
				CLANG_WARN_DOCUMENTATION_COMMENTS = YES;
				CLANG_WARN_EMPTY_BODY = YES;
				CLANG_WARN_ENUM_CONVERSION = YES;
				CLANG_WARN_INFINITE_RECURSION = YES;
				CLANG_WARN_INT_CONVERSION = YES;
				CLANG_WARN_OBJC_ROOT_CLASS = YES_ERROR;
				CLANG_WARN_SUSPICIOUS_MOVE = YES;
				CLANG_WARN_UNREACHABLE_CODE = YES;
				CLANG_WARN__DUPLICATE_METHOD_MATCH = YES;
				"CODE_SIGN_IDENTITY[sdk=iphoneos*]" = "iPhone Developer";
				COPY_PHASE_STRIP = NO;
				DEBUG_INFORMATION_FORMAT = "dwarf-with-dsym";
				ENABLE_NS_ASSERTIONS = NO;
				ENABLE_STRICT_OBJC_MSGSEND = YES;
				GCC_C_LANGUAGE_STANDARD = gnu99;
				GCC_NO_COMMON_BLOCKS = YES;
				GCC_WARN_64_TO_32_BIT_CONVERSION = YES;
				GCC_WARN_ABOUT_RETURN_TYPE = YES_ERROR;
				GCC_WARN_UNDECLARED_SELECTOR = YES;
				GCC_WARN_UNINITIALIZED_AUTOS = YES_AGGRESSIVE;
				GCC_WARN_UNUSED_FUNCTION = YES;
				GCC_WARN_UNUSED_VARIABLE = YES;
				IPHONEOS_DEPLOYMENT_TARGET = 10.3;
				MTL_ENABLE_DEBUG_INFO = NO;
				SDKROOT = iphoneos;
				TARGETED_DEVICE_FAMILY = "1,2";
				VALIDATE_PRODUCT = YES;
			};
			name = Release;
		};
		45D272231F0B343E00AF180E /* Debug */ = {
			isa = XCBuildConfiguration;
			baseConfigurationReference = 7BA26D2BB5C6386B31F8E1A5 /* Pods-Flipped.debug.xcconfig */;
			buildSettings = {
				ASSETCATALOG_COMPILER_APPICON_NAME = AppIcon;
				ASSETCATALOG_COMPILER_LAUNCHIMAGE_NAME = LaunchImage;
				"CODE_SIGN_IDENTITY[sdk=iphoneos*]" = "iPhone Developer";
				DEVELOPMENT_TEAM = 4A3DYJG93C;
				ENABLE_BITCODE = NO;
				FRAMEWORK_SEARCH_PATHS = (
					"$(inherited)",
					"$(PROJECT_DIR)/Frameworks/AVSDK",
					"$(PROJECT_DIR)/Frameworks",
					"$(PROJECT_DIR)/Frameworks/IMSDK",
				);
				GCC_PREFIX_HEADER = Flipped/Flipped.pch;
				HEADER_SEARCH_PATHS = (
					"$(inherited)",
					"\"${PODS_ROOT}/Headers/Public\"",
					"\"${PODS_ROOT}/Headers/Public/AFNetworking\"",
					"\"${PODS_ROOT}/Headers/Public/DACircularProgress\"",
					"\"${PODS_ROOT}/Headers/Public/JSONModel\"",
					"\"${PODS_ROOT}/Headers/Public/MBProgressHUD\"",
					"\"${PODS_ROOT}/Headers/Public/MJRefresh\"",
					"\"${PODS_ROOT}/Headers/Public/MWPhotoBrowser\"",
					"\"${PODS_ROOT}/Headers/Public/Masonry\"",
					"\"${PODS_ROOT}/Headers/Public/SDWebImage\"",
					"\"${PODS_ROOT}/Headers/Public/WechatOpenSDK\"",
				);
				INFOPLIST_FILE = Flipped/Info.plist;
				IPHONEOS_DEPLOYMENT_TARGET = 8.0;
				LD_RUNPATH_SEARCH_PATHS = "$(inherited) @executable_path/Frameworks";
				LIBRARY_SEARCH_PATHS = (
					"$(inherited)",
					"$(PROJECT_DIR)/Flipped/SecondLib/MTA",
					"$(PROJECT_DIR)/Flipped/SecondLib/WXSDK",
				);
				PRODUCT_BUNDLE_IDENTIFIER = com.junshao.Flipped;
				PRODUCT_NAME = "$(TARGET_NAME)";
				PROVISIONING_PROFILE_SPECIFIER = "";
				TARGETED_DEVICE_FAMILY = 1;
			};
			name = Debug;
		};
		45D272241F0B343E00AF180E /* Release */ = {
			isa = XCBuildConfiguration;
			baseConfigurationReference = 7CA5465F4BAB318854577797 /* Pods-Flipped.release.xcconfig */;
			buildSettings = {
				ASSETCATALOG_COMPILER_APPICON_NAME = AppIcon;
				ASSETCATALOG_COMPILER_LAUNCHIMAGE_NAME = LaunchImage;
				"CODE_SIGN_IDENTITY[sdk=iphoneos*]" = "iPhone Developer";
				DEVELOPMENT_TEAM = 4A3DYJG93C;
				ENABLE_BITCODE = NO;
				FRAMEWORK_SEARCH_PATHS = (
					"$(inherited)",
					"$(PROJECT_DIR)/Frameworks/AVSDK",
					"$(PROJECT_DIR)/Frameworks",
					"$(PROJECT_DIR)/Frameworks/IMSDK",
				);
				GCC_PREFIX_HEADER = Flipped/Flipped.pch;
				HEADER_SEARCH_PATHS = (
					"$(inherited)",
					"\"${PODS_ROOT}/Headers/Public\"",
					"\"${PODS_ROOT}/Headers/Public/AFNetworking\"",
					"\"${PODS_ROOT}/Headers/Public/DACircularProgress\"",
					"\"${PODS_ROOT}/Headers/Public/JSONModel\"",
					"\"${PODS_ROOT}/Headers/Public/MBProgressHUD\"",
					"\"${PODS_ROOT}/Headers/Public/MJRefresh\"",
					"\"${PODS_ROOT}/Headers/Public/MWPhotoBrowser\"",
					"\"${PODS_ROOT}/Headers/Public/Masonry\"",
					"\"${PODS_ROOT}/Headers/Public/SDWebImage\"",
					"\"${PODS_ROOT}/Headers/Public/WechatOpenSDK\"",
				);
				INFOPLIST_FILE = Flipped/Info.plist;
				IPHONEOS_DEPLOYMENT_TARGET = 8.0;
				LD_RUNPATH_SEARCH_PATHS = "$(inherited) @executable_path/Frameworks";
				LIBRARY_SEARCH_PATHS = (
					"$(inherited)",
					"$(PROJECT_DIR)/Flipped/SecondLib/MTA",
					"$(PROJECT_DIR)/Flipped/SecondLib/WXSDK",
				);
				PRODUCT_BUNDLE_IDENTIFIER = com.junshao.Flipped;
				PRODUCT_NAME = "$(TARGET_NAME)";
				PROVISIONING_PROFILE_SPECIFIER = "";
				TARGETED_DEVICE_FAMILY = 1;
			};
			name = Release;
		};
/* End XCBuildConfiguration section */

/* Begin XCConfigurationList section */
		45D272061F0B343E00AF180E /* Build configuration list for PBXProject "Flipped" */ = {
			isa = XCConfigurationList;
			buildConfigurations = (
				45D272201F0B343E00AF180E /* Debug */,
				45D272211F0B343E00AF180E /* Release */,
			);
			defaultConfigurationIsVisible = 0;
			defaultConfigurationName = Release;
		};
		45D272221F0B343E00AF180E /* Build configuration list for PBXNativeTarget "Flipped" */ = {
			isa = XCConfigurationList;
			buildConfigurations = (
				45D272231F0B343E00AF180E /* Debug */,
				45D272241F0B343E00AF180E /* Release */,
			);
			defaultConfigurationIsVisible = 0;
			defaultConfigurationName = Release;
		};
/* End XCConfigurationList section */
	};
	rootObject = 45D272031F0B343E00AF180E /* Project object */;
}
